// !$*UTF8*$!
{
	archiveVersion = 1;
	classes = {
	};
	objectVersion = 46;
	objects = {

/* Begin PBXAggregateTarget section */
		8137FC010AEB71F7009172EC /* Checks */ = {
			isa = PBXAggregateTarget;
			buildConfigurationList = 8137FC020AEB7216009172EC /* Build configuration list for PBXAggregateTarget "Checks" */;
			buildPhases = (
				8137FC000AEB71F7009172EC /* ShellScript */,
			);
			dependencies = (
			);
			name = Checks;
			productName = Translations;
		};
		815FFC630AEA2F4900AFD07F /* Maps */ = {
			isa = PBXAggregateTarget;
			buildConfigurationList = 815FFC780AEA2FBF00AFD07F /* Build configuration list for PBXAggregateTarget "Maps" */;
			buildPhases = (
				8137FAB30AEAF760009172EC /* ShellScript */,
			);
			dependencies = (
				8137FAAF0AEAF655009172EC /* PBXTargetDependency */,
			);
			name = Maps;
			productName = "Create Maps";
		};
/* End PBXAggregateTarget section */

/* Begin PBXBuildFile section */
		02FFC018229C9D350071F243 /* vec3.c in Sources */ = {isa = PBXBuildFile; fileRef = 02FFC012229C9CD60071F243 /* vec3.c */; };
		02FFC019229C9D400071F243 /* base_image.c in Sources */ = {isa = PBXBuildFile; fileRef = 02FFBFC1229C9CD60071F243 /* base_image.c */; };
		02FFC01A229C9D470071F243 /* solid_base.c in Sources */ = {isa = PBXBuildFile; fileRef = 02FFBFFD229C9CD60071F243 /* solid_base.c */; };
		02FFC01B229C9D4F0071F243 /* binary.c in Sources */ = {isa = PBXBuildFile; fileRef = 02FFBFC3229C9CD60071F243 /* binary.c */; };
		02FFC01C229C9D600071F243 /* base_config.c in Sources */ = {isa = PBXBuildFile; fileRef = 02FFBFBF229C9CD60071F243 /* base_config.c */; };
		02FFC01D229C9D680071F243 /* common.c in Sources */ = {isa = PBXBuildFile; fileRef = 02FFBFC7229C9CD60071F243 /* common.c */; };
		02FFC01E229C9DAD0071F243 /* array.c in Sources */ = {isa = PBXBuildFile; fileRef = 02FFBFB9229C9CD60071F243 /* array.c */; };
		02FFC01F229C9DAD0071F243 /* dir.c in Sources */ = {isa = PBXBuildFile; fileRef = 02FFBFCB229C9CD60071F243 /* dir.c */; };
		02FFC020229C9DAD0071F243 /* fs_common.c in Sources */ = {isa = PBXBuildFile; fileRef = 02FFBFD2229C9CD60071F243 /* fs_common.c */; };
		02FFC021229C9DAD0071F243 /* fs_jpg.c in Sources */ = {isa = PBXBuildFile; fileRef = 02FFBFD3229C9CD60071F243 /* fs_jpg.c */; };
		02FFC022229C9DAD0071F243 /* fs_png.c in Sources */ = {isa = PBXBuildFile; fileRef = 02FFBFD8229C9CD60071F243 /* fs_png.c */; };
		02FFC023229C9DAD0071F243 /* list.c in Sources */ = {isa = PBXBuildFile; fileRef = 02FFBFEF229C9CD60071F243 /* list.c */; };
		02FFC024229C9DAD0071F243 /* mapc.c in Sources */ = {isa = PBXBuildFile; fileRef = 02FFBFF4229C9CD60071F243 /* mapc.c */; };
		02FFC04B229C9EC20071F243 /* array.c in Sources */ = {isa = PBXBuildFile; fileRef = 02FFBFB9229C9CD60071F243 /* array.c */; };
		02FFC04C229C9EC20071F243 /* audio.c in Sources */ = {isa = PBXBuildFile; fileRef = 02FFBFBB229C9CD60071F243 /* audio.c */; };
		02FFC04D229C9EC20071F243 /* ball.c in Sources */ = {isa = PBXBuildFile; fileRef = 02FFBFBD229C9CD60071F243 /* ball.c */; };
		02FFC04E229C9EC20071F243 /* base_config.c in Sources */ = {isa = PBXBuildFile; fileRef = 02FFBFBF229C9CD60071F243 /* base_config.c */; };
		02FFC04F229C9EC20071F243 /* base_image.c in Sources */ = {isa = PBXBuildFile; fileRef = 02FFBFC1229C9CD60071F243 /* base_image.c */; };
		02FFC050229C9EC20071F243 /* binary.c in Sources */ = {isa = PBXBuildFile; fileRef = 02FFBFC3229C9CD60071F243 /* binary.c */; };
		02FFC051229C9EC20071F243 /* cmd.c in Sources */ = {isa = PBXBuildFile; fileRef = 02FFBFC5229C9CD60071F243 /* cmd.c */; };
		02FFC052229C9EC20071F243 /* common.c in Sources */ = {isa = PBXBuildFile; fileRef = 02FFBFC7229C9CD60071F243 /* common.c */; };
		02FFC053229C9EC20071F243 /* config.c in Sources */ = {isa = PBXBuildFile; fileRef = 02FFBFC9229C9CD60071F243 /* config.c */; };
		02FFC054229C9EC20071F243 /* dir.c in Sources */ = {isa = PBXBuildFile; fileRef = 02FFBFCB229C9CD60071F243 /* dir.c */; };
		02FFC055229C9EC20071F243 /* fbo.c in Sources */ = {isa = PBXBuildFile; fileRef = 02FFBFCD229C9CD60071F243 /* fbo.c */; };
		02FFC056229C9EC20071F243 /* font.c in Sources */ = {isa = PBXBuildFile; fileRef = 02FFBFCF229C9CD60071F243 /* font.c */; };
		02FFC057229C9EC20071F243 /* fs_common.c in Sources */ = {isa = PBXBuildFile; fileRef = 02FFBFD2229C9CD60071F243 /* fs_common.c */; };
		02FFC058229C9EC20071F243 /* fs_jpg.c in Sources */ = {isa = PBXBuildFile; fileRef = 02FFBFD3229C9CD60071F243 /* fs_jpg.c */; };
		02FFC059229C9EC20071F243 /* fs_ov.c in Sources */ = {isa = PBXBuildFile; fileRef = 02FFBFD5229C9CD60071F243 /* fs_ov.c */; };
		02FFC05A229C9EC20071F243 /* fs_png.c in Sources */ = {isa = PBXBuildFile; fileRef = 02FFBFD8229C9CD60071F243 /* fs_png.c */; };
		02FFC05B229C9EC20071F243 /* geom.c in Sources */ = {isa = PBXBuildFile; fileRef = 02FFBFDB229C9CD60071F243 /* geom.c */; };
		02FFC05C229C9EC20071F243 /* glext.c in Sources */ = {isa = PBXBuildFile; fileRef = 02FFBFDD229C9CD60071F243 /* glext.c */; };
		02FFC05D229C9EC20071F243 /* glsl.c in Sources */ = {isa = PBXBuildFile; fileRef = 02FFBFDF229C9CD60071F243 /* glsl.c */; };
		02FFC05E229C9EC20071F243 /* gui.c in Sources */ = {isa = PBXBuildFile; fileRef = 02FFBFE1229C9CD60071F243 /* gui.c */; };
		02FFC05F229C9EC20071F243 /* image.c in Sources */ = {isa = PBXBuildFile; fileRef = 02FFBFE9229C9CD60071F243 /* image.c */; };
		02FFC060229C9EC20071F243 /* joy.c in Sources */ = {isa = PBXBuildFile; fileRef = 02FFBFEB229C9CD60071F243 /* joy.c */; };
		02FFC061229C9EC20071F243 /* lang.c in Sources */ = {isa = PBXBuildFile; fileRef = 02FFBFED229C9CD60071F243 /* lang.c */; };
		02FFC062229C9EC20071F243 /* list.c in Sources */ = {isa = PBXBuildFile; fileRef = 02FFBFEF229C9CD60071F243 /* list.c */; };
		02FFC063229C9EC20071F243 /* log.c in Sources */ = {isa = PBXBuildFile; fileRef = 02FFBFF1229C9CD60071F243 /* log.c */; };
		02FFC064229C9EC20071F243 /* mtrl.c in Sources */ = {isa = PBXBuildFile; fileRef = 02FFBFF5229C9CD60071F243 /* mtrl.c */; };
		02FFC065229C9EC20071F243 /* part.c in Sources */ = {isa = PBXBuildFile; fileRef = 02FFBFF7229C9CD60071F243 /* part.c */; };
		02FFC066229C9EC20071F243 /* queue.c in Sources */ = {isa = PBXBuildFile; fileRef = 02FFBFF9229C9CD60071F243 /* queue.c */; };
		02FFC067229C9EC20071F243 /* solid_all.c in Sources */ = {isa = PBXBuildFile; fileRef = 02FFBFFB229C9CD60071F243 /* solid_all.c */; };
		02FFC068229C9EC20071F243 /* solid_base.c in Sources */ = {isa = PBXBuildFile; fileRef = 02FFBFFD229C9CD60071F243 /* solid_base.c */; };
		02FFC069229C9EC20071F243 /* solid_draw.c in Sources */ = {isa = PBXBuildFile; fileRef = 02FFBFFF229C9CD60071F243 /* solid_draw.c */; };
		02FFC06A229C9EC20071F243 /* solid_vary.c in Sources */ = {isa = PBXBuildFile; fileRef = 02FFC003229C9CD60071F243 /* solid_vary.c */; };
		02FFC06B229C9EC20071F243 /* st_common.c in Sources */ = {isa = PBXBuildFile; fileRef = 02FFC005229C9CD60071F243 /* st_common.c */; };
		02FFC06C229C9EC20071F243 /* state.c in Sources */ = {isa = PBXBuildFile; fileRef = 02FFC007229C9CD60071F243 /* state.c */; };
		02FFC06D229C9EC20071F243 /* text.c in Sources */ = {isa = PBXBuildFile; fileRef = 02FFC009229C9CD60071F243 /* text.c */; };
		02FFC06E229C9EC20071F243 /* theme.c in Sources */ = {isa = PBXBuildFile; fileRef = 02FFC00B229C9CD60071F243 /* theme.c */; };
		02FFC06F229C9EC20071F243 /* vec3.c in Sources */ = {isa = PBXBuildFile; fileRef = 02FFC012229C9CD60071F243 /* vec3.c */; };
		02FFC070229C9EC20071F243 /* video.c in Sources */ = {isa = PBXBuildFile; fileRef = 02FFC016229C9CD60071F243 /* video.c */; };
		02FFC071229C9EED0071F243 /* demo.c in Sources */ = {isa = PBXBuildFile; fileRef = 02FFBF6B229C9C920071F243 /* demo.c */; };
		02FFC072229C9EED0071F243 /* demo_dir.c in Sources */ = {isa = PBXBuildFile; fileRef = 02FFBF6D229C9C920071F243 /* demo_dir.c */; };
		02FFC073229C9EED0071F243 /* game_client.c in Sources */ = {isa = PBXBuildFile; fileRef = 02FFBF6F229C9C920071F243 /* game_client.c */; };
		02FFC074229C9EED0071F243 /* game_common.c in Sources */ = {isa = PBXBuildFile; fileRef = 02FFBF71229C9C920071F243 /* game_common.c */; };
		02FFC075229C9EED0071F243 /* game_draw.c in Sources */ = {isa = PBXBuildFile; fileRef = 02FFBF73229C9C920071F243 /* game_draw.c */; };
		02FFC076229C9EED0071F243 /* game_proxy.c in Sources */ = {isa = PBXBuildFile; fileRef = 02FFBF75229C9C920071F243 /* game_proxy.c */; };
		02FFC077229C9EED0071F243 /* game_server.c in Sources */ = {isa = PBXBuildFile; fileRef = 02FFBF77229C9C920071F243 /* game_server.c */; };
		02FFC078229C9EED0071F243 /* hud.c in Sources */ = {isa = PBXBuildFile; fileRef = 02FFBF79229C9C920071F243 /* hud.c */; };
		02FFC079229C9EED0071F243 /* level.c in Sources */ = {isa = PBXBuildFile; fileRef = 02FFBF7B229C9C920071F243 /* level.c */; };
		02FFC07A229C9EED0071F243 /* main.c in Sources */ = {isa = PBXBuildFile; fileRef = 02FFBF7D229C9C920071F243 /* main.c */; };
		02FFC07B229C9EED0071F243 /* progress.c in Sources */ = {isa = PBXBuildFile; fileRef = 02FFBF7F229C9C920071F243 /* progress.c */; };
		02FFC07C229C9EED0071F243 /* score.c in Sources */ = {isa = PBXBuildFile; fileRef = 02FFBF81229C9C920071F243 /* score.c */; };
		02FFC07D229C9EED0071F243 /* set.c in Sources */ = {isa = PBXBuildFile; fileRef = 02FFBF83229C9C920071F243 /* set.c */; };
		02FFC07E229C9EED0071F243 /* st_ball.c in Sources */ = {isa = PBXBuildFile; fileRef = 02FFBF85229C9C920071F243 /* st_ball.c */; };
		02FFC07F229C9EED0071F243 /* st_conf.c in Sources */ = {isa = PBXBuildFile; fileRef = 02FFBF87229C9C920071F243 /* st_conf.c */; };
		02FFC080229C9EED0071F243 /* st_demo.c in Sources */ = {isa = PBXBuildFile; fileRef = 02FFBF89229C9C920071F243 /* st_demo.c */; };
		02FFC081229C9EED0071F243 /* st_done.c in Sources */ = {isa = PBXBuildFile; fileRef = 02FFBF8B229C9C920071F243 /* st_done.c */; };
		02FFC082229C9EED0071F243 /* st_fail.c in Sources */ = {isa = PBXBuildFile; fileRef = 02FFBF8D229C9C920071F243 /* st_fail.c */; };
		02FFC083229C9EED0071F243 /* st_goal.c in Sources */ = {isa = PBXBuildFile; fileRef = 02FFBF8F229C9C920071F243 /* st_goal.c */; };
		02FFC084229C9EED0071F243 /* st_help.c in Sources */ = {isa = PBXBuildFile; fileRef = 02FFBF91229C9C920071F243 /* st_help.c */; };
		02FFC085229C9EED0071F243 /* st_level.c in Sources */ = {isa = PBXBuildFile; fileRef = 02FFBF93229C9C920071F243 /* st_level.c */; };
		02FFC086229C9EED0071F243 /* st_name.c in Sources */ = {isa = PBXBuildFile; fileRef = 02FFBF95229C9C920071F243 /* st_name.c */; };
		02FFC087229C9EED0071F243 /* st_over.c in Sources */ = {isa = PBXBuildFile; fileRef = 02FFBF97229C9C920071F243 /* st_over.c */; };
		02FFC088229C9EED0071F243 /* st_pause.c in Sources */ = {isa = PBXBuildFile; fileRef = 02FFBF99229C9C920071F243 /* st_pause.c */; };
		02FFC089229C9EED0071F243 /* st_play.c in Sources */ = {isa = PBXBuildFile; fileRef = 02FFBF9B229C9C920071F243 /* st_play.c */; };
		02FFC08A229C9EED0071F243 /* st_save.c in Sources */ = {isa = PBXBuildFile; fileRef = 02FFBF9D229C9C920071F243 /* st_save.c */; };
		02FFC08B229C9EED0071F243 /* st_set.c in Sources */ = {isa = PBXBuildFile; fileRef = 02FFBF9F229C9C920071F243 /* st_set.c */; };
		02FFC08C229C9EED0071F243 /* st_shared.c in Sources */ = {isa = PBXBuildFile; fileRef = 02FFBFA1229C9C920071F243 /* st_shared.c */; };
		02FFC08D229C9EED0071F243 /* st_start.c in Sources */ = {isa = PBXBuildFile; fileRef = 02FFBFA3229C9C920071F243 /* st_start.c */; };
		02FFC08E229C9EED0071F243 /* st_title.c in Sources */ = {isa = PBXBuildFile; fileRef = 02FFBFA5229C9C920071F243 /* st_title.c */; };
		02FFC08F229C9EED0071F243 /* util.c in Sources */ = {isa = PBXBuildFile; fileRef = 02FFBFA7229C9C920071F243 /* util.c */; };
		02FFC090229C9F770071F243 /* solid_sim_sol.c in Sources */ = {isa = PBXBuildFile; fileRef = 02FFC002229C9CD60071F243 /* solid_sim_sol.c */; };
		02FFC092229C9F900071F243 /* fs_stdio.c in Sources */ = {isa = PBXBuildFile; fileRef = 02FFBFDA229C9CD60071F243 /* fs_stdio.c */; };
		02FFC093229C9FEF0071F243 /* tilt_null.c in Sources */ = {isa = PBXBuildFile; fileRef = 02FFC010229C9CD60071F243 /* tilt_null.c */; };
		02FFC094229CA0110071F243 /* hmd_null.c in Sources */ = {isa = PBXBuildFile; fileRef = 02FFBFE7229C9CD60071F243 /* hmd_null.c */; };
		02FFC096229CA2AA0071F243 /* SDL2.framework in Frameworks */ = {isa = PBXBuildFile; fileRef = 02FFC095229CA2AA0071F243 /* SDL2.framework */; };
		02FFC097229CA2AA0071F243 /* SDL2.framework in Frameworks */ = {isa = PBXBuildFile; fileRef = 02FFC095229CA2AA0071F243 /* SDL2.framework */; };
		02FFC098229CA2AA0071F243 /* SDL2.framework in Frameworks */ = {isa = PBXBuildFile; fileRef = 02FFC095229CA2AA0071F243 /* SDL2.framework */; };
		02FFC099229CA47D0071F243 /* fs_stdio.c in Sources */ = {isa = PBXBuildFile; fileRef = 02FFBFDA229C9CD60071F243 /* fs_stdio.c */; };
		02FFC09B22B599B30071F243 /* SDL2_ttf.framework in Frameworks */ = {isa = PBXBuildFile; fileRef = 02FFC09A22B599B30071F243 /* SDL2_ttf.framework */; };
		02FFC0A422B5ABA70071F243 /* SDL2.framework in CopyFiles */ = {isa = PBXBuildFile; fileRef = 02FFC095229CA2AA0071F243 /* SDL2.framework */; settings = {ATTRIBUTES = (CodeSignOnCopy, RemoveHeadersOnCopy, ); }; };
		02FFC0A522B5ABAE0071F243 /* SDL2_ttf.framework in CopyFiles */ = {isa = PBXBuildFile; fileRef = 02FFC09A22B599B30071F243 /* SDL2_ttf.framework */; settings = {ATTRIBUTES = (CodeSignOnCopy, RemoveHeadersOnCopy, ); }; };
		02FFC0A822B5AD9D0071F243 /* SDL2.framework in CopyFiles */ = {isa = PBXBuildFile; fileRef = 02FFC095229CA2AA0071F243 /* SDL2.framework */; settings = {ATTRIBUTES = (CodeSignOnCopy, RemoveHeadersOnCopy, ); }; };
		02FFC0A922B5ADA20071F243 /* SDL2_ttf.framework in CopyFiles */ = {isa = PBXBuildFile; fileRef = 02FFC09A22B599B30071F243 /* SDL2_ttf.framework */; settings = {ATTRIBUTES = (CodeSignOnCopy, RemoveHeadersOnCopy, ); }; };
		02FFC0AA22B5ADB90071F243 /* SDL2_ttf.framework in Frameworks */ = {isa = PBXBuildFile; fileRef = 02FFC09A22B599B30071F243 /* SDL2_ttf.framework */; };
		02FFC0C122B5BB910071F243 /* base_image.c in Sources */ = {isa = PBXBuildFile; fileRef = 02FFBFC1229C9CD60071F243 /* base_image.c */; };
		02FFC0C222B5BB910071F243 /* geom.c in Sources */ = {isa = PBXBuildFile; fileRef = 02FFBFDB229C9CD60071F243 /* geom.c */; };
		02FFC0C322B5BB910071F243 /* image.c in Sources */ = {isa = PBXBuildFile; fileRef = 02FFBFE9229C9CD60071F243 /* image.c */; };
		02FFC0C422B5BB910071F243 /* lang.c in Sources */ = {isa = PBXBuildFile; fileRef = 02FFBFED229C9CD60071F243 /* lang.c */; };
		02FFC0C522B5BB910071F243 /* mtrl.c in Sources */ = {isa = PBXBuildFile; fileRef = 02FFBFF5229C9CD60071F243 /* mtrl.c */; };
		02FFC0C622B5BB910071F243 /* part.c in Sources */ = {isa = PBXBuildFile; fileRef = 02FFBFF7229C9CD60071F243 /* part.c */; };
		02FFC0C722B5BB910071F243 /* solid_all.c in Sources */ = {isa = PBXBuildFile; fileRef = 02FFBFFB229C9CD60071F243 /* solid_all.c */; };
		02FFC0C822B5BB910071F243 /* solid_base.c in Sources */ = {isa = PBXBuildFile; fileRef = 02FFBFFD229C9CD60071F243 /* solid_base.c */; };
		02FFC0C922B5BB910071F243 /* solid_draw.c in Sources */ = {isa = PBXBuildFile; fileRef = 02FFBFFF229C9CD60071F243 /* solid_draw.c */; };
		02FFC0CA22B5BB910071F243 /* solid_vary.c in Sources */ = {isa = PBXBuildFile; fileRef = 02FFC003229C9CD60071F243 /* solid_vary.c */; };
		02FFC0CB22B5BB910071F243 /* st_common.c in Sources */ = {isa = PBXBuildFile; fileRef = 02FFC005229C9CD60071F243 /* st_common.c */; };
		02FFC0CC22B5BB910071F243 /* vec3.c in Sources */ = {isa = PBXBuildFile; fileRef = 02FFC012229C9CD60071F243 /* vec3.c */; };
		02FFC0CD22B5BC370071F243 /* array.c in Sources */ = {isa = PBXBuildFile; fileRef = 02FFBFB9229C9CD60071F243 /* array.c */; };
		02FFC0CE22B5BC370071F243 /* audio.c in Sources */ = {isa = PBXBuildFile; fileRef = 02FFBFBB229C9CD60071F243 /* audio.c */; };
		02FFC0CF22B5BC370071F243 /* ball.c in Sources */ = {isa = PBXBuildFile; fileRef = 02FFBFBD229C9CD60071F243 /* ball.c */; };
		02FFC0D022B5BC370071F243 /* base_config.c in Sources */ = {isa = PBXBuildFile; fileRef = 02FFBFBF229C9CD60071F243 /* base_config.c */; };
		02FFC0D122B5BC370071F243 /* binary.c in Sources */ = {isa = PBXBuildFile; fileRef = 02FFBFC3229C9CD60071F243 /* binary.c */; };
		02FFC0D222B5BC370071F243 /* common.c in Sources */ = {isa = PBXBuildFile; fileRef = 02FFBFC7229C9CD60071F243 /* common.c */; };
		02FFC0D322B5BC370071F243 /* config.c in Sources */ = {isa = PBXBuildFile; fileRef = 02FFBFC9229C9CD60071F243 /* config.c */; };
		02FFC0D422B5BC370071F243 /* dir.c in Sources */ = {isa = PBXBuildFile; fileRef = 02FFBFCB229C9CD60071F243 /* dir.c */; };
		02FFC0D522B5BC370071F243 /* fbo.c in Sources */ = {isa = PBXBuildFile; fileRef = 02FFBFCD229C9CD60071F243 /* fbo.c */; };
		02FFC0D622B5BC370071F243 /* font.c in Sources */ = {isa = PBXBuildFile; fileRef = 02FFBFCF229C9CD60071F243 /* font.c */; };
		02FFC0D722B5BC370071F243 /* fs_common.c in Sources */ = {isa = PBXBuildFile; fileRef = 02FFBFD2229C9CD60071F243 /* fs_common.c */; };
		02FFC0D822B5BC370071F243 /* fs_jpg.c in Sources */ = {isa = PBXBuildFile; fileRef = 02FFBFD3229C9CD60071F243 /* fs_jpg.c */; };
		02FFC0D922B5BC370071F243 /* fs_ov.c in Sources */ = {isa = PBXBuildFile; fileRef = 02FFBFD5229C9CD60071F243 /* fs_ov.c */; };
		02FFC0DA22B5BC370071F243 /* fs_png.c in Sources */ = {isa = PBXBuildFile; fileRef = 02FFBFD8229C9CD60071F243 /* fs_png.c */; };
		02FFC0DB22B5BC370071F243 /* glext.c in Sources */ = {isa = PBXBuildFile; fileRef = 02FFBFDD229C9CD60071F243 /* glext.c */; };
		02FFC0DC22B5BC370071F243 /* glsl.c in Sources */ = {isa = PBXBuildFile; fileRef = 02FFBFDF229C9CD60071F243 /* glsl.c */; };
		02FFC0DD22B5BC370071F243 /* gui.c in Sources */ = {isa = PBXBuildFile; fileRef = 02FFBFE1229C9CD60071F243 /* gui.c */; };
		02FFC0DE22B5BC370071F243 /* joy.c in Sources */ = {isa = PBXBuildFile; fileRef = 02FFBFEB229C9CD60071F243 /* joy.c */; };
		02FFC0DF22B5BC370071F243 /* list.c in Sources */ = {isa = PBXBuildFile; fileRef = 02FFBFEF229C9CD60071F243 /* list.c */; };
		02FFC0E022B5BC370071F243 /* log.c in Sources */ = {isa = PBXBuildFile; fileRef = 02FFBFF1229C9CD60071F243 /* log.c */; };
		02FFC0E122B5BC370071F243 /* state.c in Sources */ = {isa = PBXBuildFile; fileRef = 02FFC007229C9CD60071F243 /* state.c */; };
		02FFC0E222B5BC370071F243 /* text.c in Sources */ = {isa = PBXBuildFile; fileRef = 02FFC009229C9CD60071F243 /* text.c */; };
		02FFC0E322B5BC370071F243 /* theme.c in Sources */ = {isa = PBXBuildFile; fileRef = 02FFC00B229C9CD60071F243 /* theme.c */; };
		02FFC0E422B5BC370071F243 /* video.c in Sources */ = {isa = PBXBuildFile; fileRef = 02FFC016229C9CD60071F243 /* video.c */; };
		02FFC0E522B5BC540071F243 /* course.c in Sources */ = {isa = PBXBuildFile; fileRef = 02FFBFAA229C9CB90071F243 /* course.c */; };
		02FFC0E622B5BC540071F243 /* game.c in Sources */ = {isa = PBXBuildFile; fileRef = 02FFBFAC229C9CB90071F243 /* game.c */; };
		02FFC0E722B5BC540071F243 /* hole.c in Sources */ = {isa = PBXBuildFile; fileRef = 02FFBFAE229C9CB90071F243 /* hole.c */; };
		02FFC0E822B5BC540071F243 /* hud.c in Sources */ = {isa = PBXBuildFile; fileRef = 02FFBFB0229C9CB90071F243 /* hud.c */; };
		02FFC0E922B5BC540071F243 /* main.c in Sources */ = {isa = PBXBuildFile; fileRef = 02FFBFB2229C9CB90071F243 /* main.c */; };
		02FFC0EA22B5BC540071F243 /* st_all.c in Sources */ = {isa = PBXBuildFile; fileRef = 02FFBFB4229C9CB90071F243 /* st_all.c */; };
		02FFC0EB22B5BC540071F243 /* st_conf.c in Sources */ = {isa = PBXBuildFile; fileRef = 02FFBFB6229C9CB90071F243 /* st_conf.c */; };
		02FFC0F522B5BE250071F243 /* fs_stdio.c in Sources */ = {isa = PBXBuildFile; fileRef = 02FFBFDA229C9CD60071F243 /* fs_stdio.c */; };
		02FFC0F622B5BE390071F243 /* solid_sim_sol.c in Sources */ = {isa = PBXBuildFile; fileRef = 02FFC002229C9CD60071F243 /* solid_sim_sol.c */; };
		02FFC0F722B5BE4F0071F243 /* tilt_null.c in Sources */ = {isa = PBXBuildFile; fileRef = 02FFC010229C9CD60071F243 /* tilt_null.c */; };
		02FFC0F822B5BE570071F243 /* hmd_null.c in Sources */ = {isa = PBXBuildFile; fileRef = 02FFBFE7229C9CD60071F243 /* hmd_null.c */; };
		8137FA280AEAE7E6009172EC /* Cocoa.framework in Frameworks */ = {isa = PBXBuildFile; fileRef = 1058C7A1FEA54F0111CA2CBB /* Cocoa.framework */; };
		8137FA440AEAE909009172EC /* OpenGL.framework in Frameworks */ = {isa = PBXBuildFile; fileRef = B2F67ED704C74A3F00A80002 /* OpenGL.framework */; };
		8137FD120AEBE4A8009172EC /* Cocoa.framework in Frameworks */ = {isa = PBXBuildFile; fileRef = 1058C7A1FEA54F0111CA2CBB /* Cocoa.framework */; };
		8137FD3B0AEBE4AD009172EC /* OpenGL.framework in Frameworks */ = {isa = PBXBuildFile; fileRef = B2F67ED704C74A3F00A80002 /* OpenGL.framework */; };
		B59445470C9641CB00EC3F09 /* neverball.icns in Resources */ = {isa = PBXBuildFile; fileRef = B47DDD3F0BCA1BF200915326 /* neverball.icns */; };
		B59445480C9641D000EC3F09 /* neverputt.icns in Resources */ = {isa = PBXBuildFile; fileRef = B47DDD410BCA1BF200915326 /* neverputt.icns */; };
		B5C4250A0DAAC39E00F6C398 /* InfoPlist.strings in Resources */ = {isa = PBXBuildFile; fileRef = B5C425020DAAC35800F6C398 /* InfoPlist.strings */; };
		B5C4250B0DAAC3A100F6C398 /* InfoPlist.strings in Resources */ = {isa = PBXBuildFile; fileRef = B5C425060DAAC35800F6C398 /* InfoPlist.strings */; };
/* End PBXBuildFile section */

/* Begin PBXContainerItemProxy section */
		02AA7E2422B6AC9D00CF4462 /* PBXContainerItemProxy */ = {
			isa = PBXContainerItemProxy;
			containerPortal = 29B97313FDCFA39411CA2CEA /* Project object */;
			proxyType = 1;
			remoteGlobalIDString = 8137FC010AEB71F7009172EC;
			remoteInfo = Checks;
		};
		02AA7E2622B6AD3000CF4462 /* PBXContainerItemProxy */ = {
			isa = PBXContainerItemProxy;
			containerPortal = 29B97313FDCFA39411CA2CEA /* Project object */;
			proxyType = 1;
			remoteGlobalIDString = 815FFC630AEA2F4900AFD07F;
			remoteInfo = Maps;
		};
		02AA7E2822B6AD3900CF4462 /* PBXContainerItemProxy */ = {
			isa = PBXContainerItemProxy;
			containerPortal = 29B97313FDCFA39411CA2CEA /* Project object */;
			proxyType = 1;
			remoteGlobalIDString = 815FFC630AEA2F4900AFD07F;
			remoteInfo = Maps;
		};
		02C3A36522B6546600D87805 /* PBXContainerItemProxy */ = {
			isa = PBXContainerItemProxy;
			containerPortal = 29B97313FDCFA39411CA2CEA /* Project object */;
			proxyType = 1;
			remoteGlobalIDString = 8137FC010AEB71F7009172EC;
			remoteInfo = Translations;
		};
		8137FAAE0AEAF655009172EC /* PBXContainerItemProxy */ = {
			isa = PBXContainerItemProxy;
			containerPortal = 29B97313FDCFA39411CA2CEA /* Project object */;
			proxyType = 1;
			remoteGlobalIDString = 815FFCB40AEA310700AFD07F;
			remoteInfo = mapc;
		};
		8137FC240AEB7AEC009172EC /* PBXContainerItemProxy */ = {
			isa = PBXContainerItemProxy;
			containerPortal = 29B97313FDCFA39411CA2CEA /* Project object */;
			proxyType = 1;
			remoteGlobalIDString = 8137FC010AEB71F7009172EC;
			remoteInfo = Translations;
		};
/* End PBXContainerItemProxy section */

/* Begin PBXCopyFilesBuildPhase section */
		815F02E90AEA8B3B00AFD07F /* CopyFiles */ = {
			isa = PBXCopyFilesBuildPhase;
			buildActionMask = 2147483647;
			dstPath = "";
			dstSubfolderSpec = 10;
			files = (
				02FFC0A522B5ABAE0071F243 /* SDL2_ttf.framework in CopyFiles */,
				02FFC0A422B5ABA70071F243 /* SDL2.framework in CopyFiles */,
			);
			runOnlyForDeploymentPostprocessing = 0;
		};
		817D29580AED079100A886EA /* CopyFiles */ = {
			isa = PBXCopyFilesBuildPhase;
			buildActionMask = 2147483647;
			dstPath = "";
			dstSubfolderSpec = 10;
			files = (
				02FFC0A922B5ADA20071F243 /* SDL2_ttf.framework in CopyFiles */,
				02FFC0A822B5AD9D0071F243 /* SDL2.framework in CopyFiles */,
			);
			runOnlyForDeploymentPostprocessing = 0;
		};
/* End PBXCopyFilesBuildPhase section */

/* Begin PBXFileReference section */
		0259174822B6809C00E9BEFA /* libogg.a */ = {isa = PBXFileReference; lastKnownFileType = archive.ar; name = libogg.a; path = ../../../../../../usr/local/lib/libogg.a; sourceTree = "<group>"; };
		0259174A22B680B300E9BEFA /* libvorbis.a */ = {isa = PBXFileReference; lastKnownFileType = archive.ar; name = libvorbis.a; path = ../../../../../../usr/local/lib/libvorbis.a; sourceTree = "<group>"; };
		0259174C22B680D400E9BEFA /* libvorbisfile.a */ = {isa = PBXFileReference; lastKnownFileType = archive.ar; name = libvorbisfile.a; path = ../../../../../../usr/local/lib/libvorbisfile.a; sourceTree = "<group>"; };
		0259174E22B680E300E9BEFA /* libpng16.a */ = {isa = PBXFileReference; lastKnownFileType = archive.ar; name = libpng16.a; path = ../../../../../../usr/local/lib/libpng16.a; sourceTree = "<group>"; };
		0259175022B6810300E9BEFA /* libjpeg.a */ = {isa = PBXFileReference; lastKnownFileType = archive.ar; name = libjpeg.a; path = ../../../../../../usr/local/lib/libjpeg.a; sourceTree = "<group>"; };
		02FFBF6B229C9C920071F243 /* demo.c */ = {isa = PBXFileReference; lastKnownFileType = sourcecode.c.c; path = demo.c; sourceTree = "<group>"; };
		02FFBF6C229C9C920071F243 /* demo.h */ = {isa = PBXFileReference; lastKnownFileType = sourcecode.c.h; path = demo.h; sourceTree = "<group>"; };
		02FFBF6D229C9C920071F243 /* demo_dir.c */ = {isa = PBXFileReference; lastKnownFileType = sourcecode.c.c; path = demo_dir.c; sourceTree = "<group>"; };
		02FFBF6E229C9C920071F243 /* demo_dir.h */ = {isa = PBXFileReference; lastKnownFileType = sourcecode.c.h; path = demo_dir.h; sourceTree = "<group>"; };
		02FFBF6F229C9C920071F243 /* game_client.c */ = {isa = PBXFileReference; lastKnownFileType = sourcecode.c.c; path = game_client.c; sourceTree = "<group>"; };
		02FFBF70229C9C920071F243 /* game_client.h */ = {isa = PBXFileReference; lastKnownFileType = sourcecode.c.h; path = game_client.h; sourceTree = "<group>"; };
		02FFBF71229C9C920071F243 /* game_common.c */ = {isa = PBXFileReference; lastKnownFileType = sourcecode.c.c; path = game_common.c; sourceTree = "<group>"; };
		02FFBF72229C9C920071F243 /* game_common.h */ = {isa = PBXFileReference; lastKnownFileType = sourcecode.c.h; path = game_common.h; sourceTree = "<group>"; };
		02FFBF73229C9C920071F243 /* game_draw.c */ = {isa = PBXFileReference; lastKnownFileType = sourcecode.c.c; path = game_draw.c; sourceTree = "<group>"; };
		02FFBF74229C9C920071F243 /* game_draw.h */ = {isa = PBXFileReference; lastKnownFileType = sourcecode.c.h; path = game_draw.h; sourceTree = "<group>"; };
		02FFBF75229C9C920071F243 /* game_proxy.c */ = {isa = PBXFileReference; lastKnownFileType = sourcecode.c.c; path = game_proxy.c; sourceTree = "<group>"; };
		02FFBF76229C9C920071F243 /* game_proxy.h */ = {isa = PBXFileReference; lastKnownFileType = sourcecode.c.h; path = game_proxy.h; sourceTree = "<group>"; };
		02FFBF77229C9C920071F243 /* game_server.c */ = {isa = PBXFileReference; lastKnownFileType = sourcecode.c.c; path = game_server.c; sourceTree = "<group>"; };
		02FFBF78229C9C920071F243 /* game_server.h */ = {isa = PBXFileReference; lastKnownFileType = sourcecode.c.h; path = game_server.h; sourceTree = "<group>"; };
		02FFBF79229C9C920071F243 /* hud.c */ = {isa = PBXFileReference; lastKnownFileType = sourcecode.c.c; path = hud.c; sourceTree = "<group>"; };
		02FFBF7A229C9C920071F243 /* hud.h */ = {isa = PBXFileReference; lastKnownFileType = sourcecode.c.h; path = hud.h; sourceTree = "<group>"; };
		02FFBF7B229C9C920071F243 /* level.c */ = {isa = PBXFileReference; lastKnownFileType = sourcecode.c.c; path = level.c; sourceTree = "<group>"; };
		02FFBF7C229C9C920071F243 /* level.h */ = {isa = PBXFileReference; lastKnownFileType = sourcecode.c.h; path = level.h; sourceTree = "<group>"; };
		02FFBF7D229C9C920071F243 /* main.c */ = {isa = PBXFileReference; lastKnownFileType = sourcecode.c.c; path = main.c; sourceTree = "<group>"; };
		02FFBF7E229C9C920071F243 /* Makefile */ = {isa = PBXFileReference; lastKnownFileType = sourcecode.make; path = Makefile; sourceTree = "<group>"; };
		02FFBF7F229C9C920071F243 /* progress.c */ = {isa = PBXFileReference; lastKnownFileType = sourcecode.c.c; path = progress.c; sourceTree = "<group>"; };
		02FFBF80229C9C920071F243 /* progress.h */ = {isa = PBXFileReference; lastKnownFileType = sourcecode.c.h; path = progress.h; sourceTree = "<group>"; };
		02FFBF81229C9C920071F243 /* score.c */ = {isa = PBXFileReference; lastKnownFileType = sourcecode.c.c; path = score.c; sourceTree = "<group>"; };
		02FFBF82229C9C920071F243 /* score.h */ = {isa = PBXFileReference; lastKnownFileType = sourcecode.c.h; path = score.h; sourceTree = "<group>"; };
		02FFBF83229C9C920071F243 /* set.c */ = {isa = PBXFileReference; lastKnownFileType = sourcecode.c.c; path = set.c; sourceTree = "<group>"; };
		02FFBF84229C9C920071F243 /* set.h */ = {isa = PBXFileReference; lastKnownFileType = sourcecode.c.h; path = set.h; sourceTree = "<group>"; };
		02FFBF85229C9C920071F243 /* st_ball.c */ = {isa = PBXFileReference; lastKnownFileType = sourcecode.c.c; path = st_ball.c; sourceTree = "<group>"; };
		02FFBF86229C9C920071F243 /* st_ball.h */ = {isa = PBXFileReference; lastKnownFileType = sourcecode.c.h; path = st_ball.h; sourceTree = "<group>"; };
		02FFBF87229C9C920071F243 /* st_conf.c */ = {isa = PBXFileReference; lastKnownFileType = sourcecode.c.c; path = st_conf.c; sourceTree = "<group>"; };
		02FFBF88229C9C920071F243 /* st_conf.h */ = {isa = PBXFileReference; lastKnownFileType = sourcecode.c.h; path = st_conf.h; sourceTree = "<group>"; };
		02FFBF89229C9C920071F243 /* st_demo.c */ = {isa = PBXFileReference; lastKnownFileType = sourcecode.c.c; path = st_demo.c; sourceTree = "<group>"; };
		02FFBF8A229C9C920071F243 /* st_demo.h */ = {isa = PBXFileReference; lastKnownFileType = sourcecode.c.h; path = st_demo.h; sourceTree = "<group>"; };
		02FFBF8B229C9C920071F243 /* st_done.c */ = {isa = PBXFileReference; lastKnownFileType = sourcecode.c.c; path = st_done.c; sourceTree = "<group>"; };
		02FFBF8C229C9C920071F243 /* st_done.h */ = {isa = PBXFileReference; lastKnownFileType = sourcecode.c.h; path = st_done.h; sourceTree = "<group>"; };
		02FFBF8D229C9C920071F243 /* st_fail.c */ = {isa = PBXFileReference; lastKnownFileType = sourcecode.c.c; path = st_fail.c; sourceTree = "<group>"; };
		02FFBF8E229C9C920071F243 /* st_fail.h */ = {isa = PBXFileReference; lastKnownFileType = sourcecode.c.h; path = st_fail.h; sourceTree = "<group>"; };
		02FFBF8F229C9C920071F243 /* st_goal.c */ = {isa = PBXFileReference; lastKnownFileType = sourcecode.c.c; path = st_goal.c; sourceTree = "<group>"; };
		02FFBF90229C9C920071F243 /* st_goal.h */ = {isa = PBXFileReference; lastKnownFileType = sourcecode.c.h; path = st_goal.h; sourceTree = "<group>"; };
		02FFBF91229C9C920071F243 /* st_help.c */ = {isa = PBXFileReference; lastKnownFileType = sourcecode.c.c; path = st_help.c; sourceTree = "<group>"; };
		02FFBF92229C9C920071F243 /* st_help.h */ = {isa = PBXFileReference; lastKnownFileType = sourcecode.c.h; path = st_help.h; sourceTree = "<group>"; };
		02FFBF93229C9C920071F243 /* st_level.c */ = {isa = PBXFileReference; lastKnownFileType = sourcecode.c.c; path = st_level.c; sourceTree = "<group>"; };
		02FFBF94229C9C920071F243 /* st_level.h */ = {isa = PBXFileReference; lastKnownFileType = sourcecode.c.h; path = st_level.h; sourceTree = "<group>"; };
		02FFBF95229C9C920071F243 /* st_name.c */ = {isa = PBXFileReference; lastKnownFileType = sourcecode.c.c; path = st_name.c; sourceTree = "<group>"; };
		02FFBF96229C9C920071F243 /* st_name.h */ = {isa = PBXFileReference; lastKnownFileType = sourcecode.c.h; path = st_name.h; sourceTree = "<group>"; };
		02FFBF97229C9C920071F243 /* st_over.c */ = {isa = PBXFileReference; lastKnownFileType = sourcecode.c.c; path = st_over.c; sourceTree = "<group>"; };
		02FFBF98229C9C920071F243 /* st_over.h */ = {isa = PBXFileReference; lastKnownFileType = sourcecode.c.h; path = st_over.h; sourceTree = "<group>"; };
		02FFBF99229C9C920071F243 /* st_pause.c */ = {isa = PBXFileReference; lastKnownFileType = sourcecode.c.c; path = st_pause.c; sourceTree = "<group>"; };
		02FFBF9A229C9C920071F243 /* st_pause.h */ = {isa = PBXFileReference; lastKnownFileType = sourcecode.c.h; path = st_pause.h; sourceTree = "<group>"; };
		02FFBF9B229C9C920071F243 /* st_play.c */ = {isa = PBXFileReference; lastKnownFileType = sourcecode.c.c; path = st_play.c; sourceTree = "<group>"; };
		02FFBF9C229C9C920071F243 /* st_play.h */ = {isa = PBXFileReference; lastKnownFileType = sourcecode.c.h; path = st_play.h; sourceTree = "<group>"; };
		02FFBF9D229C9C920071F243 /* st_save.c */ = {isa = PBXFileReference; lastKnownFileType = sourcecode.c.c; path = st_save.c; sourceTree = "<group>"; };
		02FFBF9E229C9C920071F243 /* st_save.h */ = {isa = PBXFileReference; lastKnownFileType = sourcecode.c.h; path = st_save.h; sourceTree = "<group>"; };
		02FFBF9F229C9C920071F243 /* st_set.c */ = {isa = PBXFileReference; lastKnownFileType = sourcecode.c.c; path = st_set.c; sourceTree = "<group>"; };
		02FFBFA0229C9C920071F243 /* st_set.h */ = {isa = PBXFileReference; lastKnownFileType = sourcecode.c.h; path = st_set.h; sourceTree = "<group>"; };
		02FFBFA1229C9C920071F243 /* st_shared.c */ = {isa = PBXFileReference; lastKnownFileType = sourcecode.c.c; path = st_shared.c; sourceTree = "<group>"; };
		02FFBFA2229C9C920071F243 /* st_shared.h */ = {isa = PBXFileReference; lastKnownFileType = sourcecode.c.h; path = st_shared.h; sourceTree = "<group>"; };
		02FFBFA3229C9C920071F243 /* st_start.c */ = {isa = PBXFileReference; lastKnownFileType = sourcecode.c.c; path = st_start.c; sourceTree = "<group>"; };
		02FFBFA4229C9C920071F243 /* st_start.h */ = {isa = PBXFileReference; lastKnownFileType = sourcecode.c.h; path = st_start.h; sourceTree = "<group>"; };
		02FFBFA5229C9C920071F243 /* st_title.c */ = {isa = PBXFileReference; lastKnownFileType = sourcecode.c.c; path = st_title.c; sourceTree = "<group>"; };
		02FFBFA6229C9C920071F243 /* st_title.h */ = {isa = PBXFileReference; lastKnownFileType = sourcecode.c.h; path = st_title.h; sourceTree = "<group>"; };
		02FFBFA7229C9C920071F243 /* util.c */ = {isa = PBXFileReference; lastKnownFileType = sourcecode.c.c; path = util.c; sourceTree = "<group>"; };
		02FFBFA8229C9C920071F243 /* util.h */ = {isa = PBXFileReference; lastKnownFileType = sourcecode.c.h; path = util.h; sourceTree = "<group>"; };
		02FFBFAA229C9CB90071F243 /* course.c */ = {isa = PBXFileReference; lastKnownFileType = sourcecode.c.c; path = course.c; sourceTree = "<group>"; };
		02FFBFAB229C9CB90071F243 /* course.h */ = {isa = PBXFileReference; lastKnownFileType = sourcecode.c.h; path = course.h; sourceTree = "<group>"; };
		02FFBFAC229C9CB90071F243 /* game.c */ = {isa = PBXFileReference; lastKnownFileType = sourcecode.c.c; path = game.c; sourceTree = "<group>"; };
		02FFBFAD229C9CB90071F243 /* game.h */ = {isa = PBXFileReference; lastKnownFileType = sourcecode.c.h; path = game.h; sourceTree = "<group>"; };
		02FFBFAE229C9CB90071F243 /* hole.c */ = {isa = PBXFileReference; lastKnownFileType = sourcecode.c.c; path = hole.c; sourceTree = "<group>"; };
		02FFBFAF229C9CB90071F243 /* hole.h */ = {isa = PBXFileReference; lastKnownFileType = sourcecode.c.h; path = hole.h; sourceTree = "<group>"; };
		02FFBFB0229C9CB90071F243 /* hud.c */ = {isa = PBXFileReference; lastKnownFileType = sourcecode.c.c; path = hud.c; sourceTree = "<group>"; };
		02FFBFB1229C9CB90071F243 /* hud.h */ = {isa = PBXFileReference; lastKnownFileType = sourcecode.c.h; path = hud.h; sourceTree = "<group>"; };
		02FFBFB2229C9CB90071F243 /* main.c */ = {isa = PBXFileReference; lastKnownFileType = sourcecode.c.c; path = main.c; sourceTree = "<group>"; };
		02FFBFB3229C9CB90071F243 /* Makefile */ = {isa = PBXFileReference; lastKnownFileType = sourcecode.make; path = Makefile; sourceTree = "<group>"; };
		02FFBFB4229C9CB90071F243 /* st_all.c */ = {isa = PBXFileReference; lastKnownFileType = sourcecode.c.c; path = st_all.c; sourceTree = "<group>"; };
		02FFBFB5229C9CB90071F243 /* st_all.h */ = {isa = PBXFileReference; lastKnownFileType = sourcecode.c.h; path = st_all.h; sourceTree = "<group>"; };
		02FFBFB6229C9CB90071F243 /* st_conf.c */ = {isa = PBXFileReference; lastKnownFileType = sourcecode.c.c; path = st_conf.c; sourceTree = "<group>"; };
		02FFBFB7229C9CB90071F243 /* st_conf.h */ = {isa = PBXFileReference; lastKnownFileType = sourcecode.c.h; path = st_conf.h; sourceTree = "<group>"; };
		02FFBFB9229C9CD60071F243 /* array.c */ = {isa = PBXFileReference; lastKnownFileType = sourcecode.c.c; path = array.c; sourceTree = "<group>"; };
		02FFBFBA229C9CD60071F243 /* array.h */ = {isa = PBXFileReference; lastKnownFileType = sourcecode.c.h; path = array.h; sourceTree = "<group>"; };
		02FFBFBB229C9CD60071F243 /* audio.c */ = {isa = PBXFileReference; lastKnownFileType = sourcecode.c.c; path = audio.c; sourceTree = "<group>"; };
		02FFBFBC229C9CD60071F243 /* audio.h */ = {isa = PBXFileReference; lastKnownFileType = sourcecode.c.h; path = audio.h; sourceTree = "<group>"; };
		02FFBFBD229C9CD60071F243 /* ball.c */ = {isa = PBXFileReference; lastKnownFileType = sourcecode.c.c; path = ball.c; sourceTree = "<group>"; };
		02FFBFBE229C9CD60071F243 /* ball.h */ = {isa = PBXFileReference; lastKnownFileType = sourcecode.c.h; path = ball.h; sourceTree = "<group>"; };
		02FFBFBF229C9CD60071F243 /* base_config.c */ = {isa = PBXFileReference; lastKnownFileType = sourcecode.c.c; path = base_config.c; sourceTree = "<group>"; };
		02FFBFC0229C9CD60071F243 /* base_config.h */ = {isa = PBXFileReference; lastKnownFileType = sourcecode.c.h; path = base_config.h; sourceTree = "<group>"; };
		02FFBFC1229C9CD60071F243 /* base_image.c */ = {isa = PBXFileReference; lastKnownFileType = sourcecode.c.c; path = base_image.c; sourceTree = "<group>"; };
		02FFBFC2229C9CD60071F243 /* base_image.h */ = {isa = PBXFileReference; lastKnownFileType = sourcecode.c.h; path = base_image.h; sourceTree = "<group>"; };
		02FFBFC3229C9CD60071F243 /* binary.c */ = {isa = PBXFileReference; lastKnownFileType = sourcecode.c.c; path = binary.c; sourceTree = "<group>"; };
		02FFBFC4229C9CD60071F243 /* binary.h */ = {isa = PBXFileReference; lastKnownFileType = sourcecode.c.h; path = binary.h; sourceTree = "<group>"; };
		02FFBFC5229C9CD60071F243 /* cmd.c */ = {isa = PBXFileReference; lastKnownFileType = sourcecode.c.c; path = cmd.c; sourceTree = "<group>"; };
		02FFBFC6229C9CD60071F243 /* cmd.h */ = {isa = PBXFileReference; lastKnownFileType = sourcecode.c.h; path = cmd.h; sourceTree = "<group>"; };
		02FFBFC7229C9CD60071F243 /* common.c */ = {isa = PBXFileReference; lastKnownFileType = sourcecode.c.c; path = common.c; sourceTree = "<group>"; };
		02FFBFC8229C9CD60071F243 /* common.h */ = {isa = PBXFileReference; lastKnownFileType = sourcecode.c.h; path = common.h; sourceTree = "<group>"; };
		02FFBFC9229C9CD60071F243 /* config.c */ = {isa = PBXFileReference; lastKnownFileType = sourcecode.c.c; path = config.c; sourceTree = "<group>"; };
		02FFBFCA229C9CD60071F243 /* config.h */ = {isa = PBXFileReference; lastKnownFileType = sourcecode.c.h; path = config.h; sourceTree = "<group>"; };
		02FFBFCB229C9CD60071F243 /* dir.c */ = {isa = PBXFileReference; lastKnownFileType = sourcecode.c.c; path = dir.c; sourceTree = "<group>"; };
		02FFBFCC229C9CD60071F243 /* dir.h */ = {isa = PBXFileReference; lastKnownFileType = sourcecode.c.h; path = dir.h; sourceTree = "<group>"; };
		02FFBFCD229C9CD60071F243 /* fbo.c */ = {isa = PBXFileReference; lastKnownFileType = sourcecode.c.c; path = fbo.c; sourceTree = "<group>"; };
		02FFBFCE229C9CD60071F243 /* fbo.h */ = {isa = PBXFileReference; lastKnownFileType = sourcecode.c.h; path = fbo.h; sourceTree = "<group>"; };
		02FFBFCF229C9CD60071F243 /* font.c */ = {isa = PBXFileReference; lastKnownFileType = sourcecode.c.c; path = font.c; sourceTree = "<group>"; };
		02FFBFD0229C9CD60071F243 /* font.h */ = {isa = PBXFileReference; lastKnownFileType = sourcecode.c.h; path = font.h; sourceTree = "<group>"; };
		02FFBFD1229C9CD60071F243 /* fs.h */ = {isa = PBXFileReference; lastKnownFileType = sourcecode.c.h; path = fs.h; sourceTree = "<group>"; };
		02FFBFD2229C9CD60071F243 /* fs_common.c */ = {isa = PBXFileReference; lastKnownFileType = sourcecode.c.c; path = fs_common.c; sourceTree = "<group>"; };
		02FFBFD3229C9CD60071F243 /* fs_jpg.c */ = {isa = PBXFileReference; lastKnownFileType = sourcecode.c.c; path = fs_jpg.c; sourceTree = "<group>"; };
		02FFBFD4229C9CD60071F243 /* fs_jpg.h */ = {isa = PBXFileReference; lastKnownFileType = sourcecode.c.h; path = fs_jpg.h; sourceTree = "<group>"; };
		02FFBFD5229C9CD60071F243 /* fs_ov.c */ = {isa = PBXFileReference; lastKnownFileType = sourcecode.c.c; path = fs_ov.c; sourceTree = "<group>"; };
		02FFBFD6229C9CD60071F243 /* fs_ov.h */ = {isa = PBXFileReference; lastKnownFileType = sourcecode.c.h; path = fs_ov.h; sourceTree = "<group>"; };
		02FFBFD7229C9CD60071F243 /* fs_physfs.c */ = {isa = PBXFileReference; lastKnownFileType = sourcecode.c.c; path = fs_physfs.c; sourceTree = "<group>"; };
		02FFBFD8229C9CD60071F243 /* fs_png.c */ = {isa = PBXFileReference; lastKnownFileType = sourcecode.c.c; path = fs_png.c; sourceTree = "<group>"; };
		02FFBFD9229C9CD60071F243 /* fs_png.h */ = {isa = PBXFileReference; lastKnownFileType = sourcecode.c.h; path = fs_png.h; sourceTree = "<group>"; };
		02FFBFDA229C9CD60071F243 /* fs_stdio.c */ = {isa = PBXFileReference; lastKnownFileType = sourcecode.c.c; path = fs_stdio.c; sourceTree = "<group>"; };
		02FFBFDB229C9CD60071F243 /* geom.c */ = {isa = PBXFileReference; lastKnownFileType = sourcecode.c.c; path = geom.c; sourceTree = "<group>"; };
		02FFBFDC229C9CD60071F243 /* geom.h */ = {isa = PBXFileReference; lastKnownFileType = sourcecode.c.h; path = geom.h; sourceTree = "<group>"; };
		02FFBFDD229C9CD60071F243 /* glext.c */ = {isa = PBXFileReference; lastKnownFileType = sourcecode.c.c; path = glext.c; sourceTree = "<group>"; };
		02FFBFDE229C9CD60071F243 /* glext.h */ = {isa = PBXFileReference; lastKnownFileType = sourcecode.c.h; path = glext.h; sourceTree = "<group>"; };
		02FFBFDF229C9CD60071F243 /* glsl.c */ = {isa = PBXFileReference; lastKnownFileType = sourcecode.c.c; path = glsl.c; sourceTree = "<group>"; };
		02FFBFE0229C9CD60071F243 /* glsl.h */ = {isa = PBXFileReference; lastKnownFileType = sourcecode.c.h; path = glsl.h; sourceTree = "<group>"; };
		02FFBFE1229C9CD60071F243 /* gui.c */ = {isa = PBXFileReference; lastKnownFileType = sourcecode.c.c; path = gui.c; sourceTree = "<group>"; };
		02FFBFE2229C9CD60071F243 /* gui.h */ = {isa = PBXFileReference; lastKnownFileType = sourcecode.c.h; path = gui.h; sourceTree = "<group>"; };
		02FFBFE3229C9CD60071F243 /* hmd.h */ = {isa = PBXFileReference; lastKnownFileType = sourcecode.c.h; path = hmd.h; sourceTree = "<group>"; };
		02FFBFE4229C9CD60071F243 /* hmd_common.c */ = {isa = PBXFileReference; lastKnownFileType = sourcecode.c.c; path = hmd_common.c; sourceTree = "<group>"; };
		02FFBFE5229C9CD60071F243 /* hmd_common.h */ = {isa = PBXFileReference; lastKnownFileType = sourcecode.c.h; path = hmd_common.h; sourceTree = "<group>"; };
		02FFBFE6229C9CD60071F243 /* hmd_libovr.cpp */ = {isa = PBXFileReference; lastKnownFileType = sourcecode.cpp.cpp; path = hmd_libovr.cpp; sourceTree = "<group>"; };
		02FFBFE7229C9CD60071F243 /* hmd_null.c */ = {isa = PBXFileReference; lastKnownFileType = sourcecode.c.c; path = hmd_null.c; sourceTree = "<group>"; };
		02FFBFE8229C9CD60071F243 /* hmd_openhmd.c */ = {isa = PBXFileReference; lastKnownFileType = sourcecode.c.c; path = hmd_openhmd.c; sourceTree = "<group>"; };
		02FFBFE9229C9CD60071F243 /* image.c */ = {isa = PBXFileReference; lastKnownFileType = sourcecode.c.c; path = image.c; sourceTree = "<group>"; };
		02FFBFEA229C9CD60071F243 /* image.h */ = {isa = PBXFileReference; lastKnownFileType = sourcecode.c.h; path = image.h; sourceTree = "<group>"; };
		02FFBFEB229C9CD60071F243 /* joy.c */ = {isa = PBXFileReference; lastKnownFileType = sourcecode.c.c; path = joy.c; sourceTree = "<group>"; };
		02FFBFEC229C9CD60071F243 /* joy.h */ = {isa = PBXFileReference; lastKnownFileType = sourcecode.c.h; path = joy.h; sourceTree = "<group>"; };
		02FFBFED229C9CD60071F243 /* lang.c */ = {isa = PBXFileReference; lastKnownFileType = sourcecode.c.c; path = lang.c; sourceTree = "<group>"; };
		02FFBFEE229C9CD60071F243 /* lang.h */ = {isa = PBXFileReference; lastKnownFileType = sourcecode.c.h; path = lang.h; sourceTree = "<group>"; };
		02FFBFEF229C9CD60071F243 /* list.c */ = {isa = PBXFileReference; lastKnownFileType = sourcecode.c.c; path = list.c; sourceTree = "<group>"; };
		02FFBFF0229C9CD60071F243 /* list.h */ = {isa = PBXFileReference; lastKnownFileType = sourcecode.c.h; path = list.h; sourceTree = "<group>"; };
		02FFBFF1229C9CD60071F243 /* log.c */ = {isa = PBXFileReference; lastKnownFileType = sourcecode.c.c; path = log.c; sourceTree = "<group>"; };
		02FFBFF2229C9CD60071F243 /* log.h */ = {isa = PBXFileReference; lastKnownFileType = sourcecode.c.h; path = log.h; sourceTree = "<group>"; };
		02FFBFF3229C9CD60071F243 /* Makefile */ = {isa = PBXFileReference; lastKnownFileType = sourcecode.make; path = Makefile; sourceTree = "<group>"; };
		02FFBFF4229C9CD60071F243 /* mapc.c */ = {isa = PBXFileReference; lastKnownFileType = sourcecode.c.c; path = mapc.c; sourceTree = "<group>"; };
		02FFBFF5229C9CD60071F243 /* mtrl.c */ = {isa = PBXFileReference; lastKnownFileType = sourcecode.c.c; path = mtrl.c; sourceTree = "<group>"; };
		02FFBFF6229C9CD60071F243 /* mtrl.h */ = {isa = PBXFileReference; lastKnownFileType = sourcecode.c.h; path = mtrl.h; sourceTree = "<group>"; };
		02FFBFF7229C9CD60071F243 /* part.c */ = {isa = PBXFileReference; lastKnownFileType = sourcecode.c.c; path = part.c; sourceTree = "<group>"; };
		02FFBFF8229C9CD60071F243 /* part.h */ = {isa = PBXFileReference; lastKnownFileType = sourcecode.c.h; path = part.h; sourceTree = "<group>"; };
		02FFBFF9229C9CD60071F243 /* queue.c */ = {isa = PBXFileReference; lastKnownFileType = sourcecode.c.c; path = queue.c; sourceTree = "<group>"; };
		02FFBFFA229C9CD60071F243 /* queue.h */ = {isa = PBXFileReference; lastKnownFileType = sourcecode.c.h; path = queue.h; sourceTree = "<group>"; };
		02FFBFFB229C9CD60071F243 /* solid_all.c */ = {isa = PBXFileReference; lastKnownFileType = sourcecode.c.c; path = solid_all.c; sourceTree = "<group>"; };
		02FFBFFC229C9CD60071F243 /* solid_all.h */ = {isa = PBXFileReference; lastKnownFileType = sourcecode.c.h; path = solid_all.h; sourceTree = "<group>"; };
		02FFBFFD229C9CD60071F243 /* solid_base.c */ = {isa = PBXFileReference; lastKnownFileType = sourcecode.c.c; path = solid_base.c; sourceTree = "<group>"; };
		02FFBFFE229C9CD60071F243 /* solid_base.h */ = {isa = PBXFileReference; lastKnownFileType = sourcecode.c.h; path = solid_base.h; sourceTree = "<group>"; };
		02FFBFFF229C9CD60071F243 /* solid_draw.c */ = {isa = PBXFileReference; lastKnownFileType = sourcecode.c.c; path = solid_draw.c; sourceTree = "<group>"; };
		02FFC000229C9CD60071F243 /* solid_draw.h */ = {isa = PBXFileReference; lastKnownFileType = sourcecode.c.h; path = solid_draw.h; sourceTree = "<group>"; };
		02FFC001229C9CD60071F243 /* solid_sim.h */ = {isa = PBXFileReference; lastKnownFileType = sourcecode.c.h; path = solid_sim.h; sourceTree = "<group>"; };
		02FFC002229C9CD60071F243 /* solid_sim_sol.c */ = {isa = PBXFileReference; lastKnownFileType = sourcecode.c.c; path = solid_sim_sol.c; sourceTree = "<group>"; };
		02FFC003229C9CD60071F243 /* solid_vary.c */ = {isa = PBXFileReference; lastKnownFileType = sourcecode.c.c; path = solid_vary.c; sourceTree = "<group>"; };
		02FFC004229C9CD60071F243 /* solid_vary.h */ = {isa = PBXFileReference; lastKnownFileType = sourcecode.c.h; path = solid_vary.h; sourceTree = "<group>"; };
		02FFC005229C9CD60071F243 /* st_common.c */ = {isa = PBXFileReference; lastKnownFileType = sourcecode.c.c; path = st_common.c; sourceTree = "<group>"; };
		02FFC006229C9CD60071F243 /* st_common.h */ = {isa = PBXFileReference; lastKnownFileType = sourcecode.c.h; path = st_common.h; sourceTree = "<group>"; };
		02FFC007229C9CD60071F243 /* state.c */ = {isa = PBXFileReference; lastKnownFileType = sourcecode.c.c; path = state.c; sourceTree = "<group>"; };
		02FFC008229C9CD60071F243 /* state.h */ = {isa = PBXFileReference; lastKnownFileType = sourcecode.c.h; path = state.h; sourceTree = "<group>"; };
		02FFC009229C9CD60071F243 /* text.c */ = {isa = PBXFileReference; lastKnownFileType = sourcecode.c.c; path = text.c; sourceTree = "<group>"; };
		02FFC00A229C9CD60071F243 /* text.h */ = {isa = PBXFileReference; lastKnownFileType = sourcecode.c.h; path = text.h; sourceTree = "<group>"; };
		02FFC00B229C9CD60071F243 /* theme.c */ = {isa = PBXFileReference; lastKnownFileType = sourcecode.c.c; path = theme.c; sourceTree = "<group>"; };
		02FFC00C229C9CD60071F243 /* theme.h */ = {isa = PBXFileReference; lastKnownFileType = sourcecode.c.h; path = theme.h; sourceTree = "<group>"; };
		02FFC00D229C9CD60071F243 /* tilt.h */ = {isa = PBXFileReference; lastKnownFileType = sourcecode.c.h; path = tilt.h; sourceTree = "<group>"; };
		02FFC00E229C9CD60071F243 /* tilt_leapmotion.cpp */ = {isa = PBXFileReference; lastKnownFileType = sourcecode.cpp.cpp; path = tilt_leapmotion.cpp; sourceTree = "<group>"; };
		02FFC00F229C9CD60071F243 /* tilt_loop.c */ = {isa = PBXFileReference; lastKnownFileType = sourcecode.c.c; path = tilt_loop.c; sourceTree = "<group>"; };
		02FFC010229C9CD60071F243 /* tilt_null.c */ = {isa = PBXFileReference; lastKnownFileType = sourcecode.c.c; path = tilt_null.c; sourceTree = "<group>"; };
		02FFC011229C9CD60071F243 /* tilt_wii.c */ = {isa = PBXFileReference; lastKnownFileType = sourcecode.c.c; path = tilt_wii.c; sourceTree = "<group>"; };
		02FFC012229C9CD60071F243 /* vec3.c */ = {isa = PBXFileReference; lastKnownFileType = sourcecode.c.c; path = vec3.c; sourceTree = "<group>"; };
		02FFC013229C9CD60071F243 /* vec3.h */ = {isa = PBXFileReference; lastKnownFileType = sourcecode.c.h; path = vec3.h; sourceTree = "<group>"; };
		02FFC014229C9CD60071F243 /* version.h */ = {isa = PBXFileReference; lastKnownFileType = sourcecode.c.h; path = version.h; sourceTree = "<group>"; };
		02FFC015229C9CD60071F243 /* version.in.h */ = {isa = PBXFileReference; lastKnownFileType = sourcecode.c.h; path = version.in.h; sourceTree = "<group>"; };
		02FFC016229C9CD60071F243 /* video.c */ = {isa = PBXFileReference; lastKnownFileType = sourcecode.c.c; path = video.c; sourceTree = "<group>"; };
		02FFC017229C9CD60071F243 /* video.h */ = {isa = PBXFileReference; lastKnownFileType = sourcecode.c.h; path = video.h; sourceTree = "<group>"; };
		02FFC095229CA2AA0071F243 /* SDL2.framework */ = {isa = PBXFileReference; lastKnownFileType = wrapper.framework; name = SDL2.framework; path = ../../../../../../Library/Frameworks/SDL2.framework; sourceTree = "<group>"; };
		02FFC09A22B599B30071F243 /* SDL2_ttf.framework */ = {isa = PBXFileReference; lastKnownFileType = wrapper.framework; name = SDL2_ttf.framework; path = Library/Frameworks/SDL2_ttf.framework; sourceTree = SDKROOT; };
		1058C7A1FEA54F0111CA2CBB /* Cocoa.framework */ = {isa = PBXFileReference; lastKnownFileType = wrapper.framework; name = Cocoa.framework; path = /System/Library/Frameworks/Cocoa.framework; sourceTree = "<absolute>"; };
		815F03A70AEA8CB400AFD07F /* AppKit.framework */ = {isa = PBXFileReference; lastKnownFileType = wrapper.framework; name = AppKit.framework; path = /System/Library/Frameworks/AppKit.framework; sourceTree = "<absolute>"; };
		815FFC940AEA305100AFD07F /* Neverputt.app */ = {isa = PBXFileReference; explicitFileType = wrapper.application; includeInIndex = 0; path = Neverputt.app; sourceTree = BUILT_PRODUCTS_DIR; };
		815FFCB50AEA310700AFD07F /* mapc */ = {isa = PBXFileReference; explicitFileType = "compiled.mach-o.executable"; includeInIndex = 0; path = mapc; sourceTree = BUILT_PRODUCTS_DIR; };
		815FFCD60AEA319C00AFD07F /* Neverball.app */ = {isa = PBXFileReference; explicitFileType = wrapper.application; includeInIndex = 0; path = Neverball.app; sourceTree = BUILT_PRODUCTS_DIR; };
		815FFDE70AEA3B8A00AFD07F /* CoreFoundation.framework */ = {isa = PBXFileReference; lastKnownFileType = wrapper.framework; name = CoreFoundation.framework; path = /System/Library/Frameworks/CoreFoundation.framework; sourceTree = "<absolute>"; };
		B2F67ED704C74A3F00A80002 /* OpenGL.framework */ = {isa = PBXFileReference; lastKnownFileType = wrapper.framework; name = OpenGL.framework; path = /System/Library/Frameworks/OpenGL.framework; sourceTree = "<absolute>"; };
		B47DDD3F0BCA1BF200915326 /* neverball.icns */ = {isa = PBXFileReference; lastKnownFileType = image.icns; name = neverball.icns; path = ../icons/neverball.icns; sourceTree = "<group>"; };
		B47DDD410BCA1BF200915326 /* neverputt.icns */ = {isa = PBXFileReference; lastKnownFileType = image.icns; name = neverputt.icns; path = ../icons/neverputt.icns; sourceTree = "<group>"; };
		B5C425030DAAC35800F6C398 /* English */ = {isa = PBXFileReference; fileEncoding = 10; lastKnownFileType = text.plist.strings; name = English; path = English.lproj/InfoPlist.strings; sourceTree = "<group>"; };
		B5C425040DAAC35800F6C398 /* Info.plist */ = {isa = PBXFileReference; fileEncoding = 4; lastKnownFileType = text.plist.xml; path = Info.plist; sourceTree = "<group>"; };
		B5C425070DAAC35800F6C398 /* English */ = {isa = PBXFileReference; fileEncoding = 10; lastKnownFileType = text.plist.strings; name = English; path = English.lproj/InfoPlist.strings; sourceTree = "<group>"; };
		B5C425080DAAC35800F6C398 /* Info.plist */ = {isa = PBXFileReference; fileEncoding = 4; lastKnownFileType = text.plist.xml; path = Info.plist; sourceTree = "<group>"; };
/* End PBXFileReference section */

/* Begin PBXFrameworksBuildPhase section */
		815FFC920AEA305100AFD07F /* Frameworks */ = {
			isa = PBXFrameworksBuildPhase;
			buildActionMask = 2147483647;
			files = (
				02FFC0AA22B5ADB90071F243 /* SDL2_ttf.framework in Frameworks */,
				02FFC097229CA2AA0071F243 /* SDL2.framework in Frameworks */,
				8137FD120AEBE4A8009172EC /* Cocoa.framework in Frameworks */,
				8137FD3B0AEBE4AD009172EC /* OpenGL.framework in Frameworks */,
			);
			runOnlyForDeploymentPostprocessing = 0;
		};
		815FFCB30AEA310700AFD07F /* Frameworks */ = {
			isa = PBXFrameworksBuildPhase;
			buildActionMask = 2147483647;
			files = (
				02FFC098229CA2AA0071F243 /* SDL2.framework in Frameworks */,
			);
			runOnlyForDeploymentPostprocessing = 0;
		};
		815FFCD40AEA319B00AFD07F /* Frameworks */ = {
			isa = PBXFrameworksBuildPhase;
			buildActionMask = 2147483647;
			files = (
				02FFC09B22B599B30071F243 /* SDL2_ttf.framework in Frameworks */,
				02FFC096229CA2AA0071F243 /* SDL2.framework in Frameworks */,
				8137FA280AEAE7E6009172EC /* Cocoa.framework in Frameworks */,
				8137FA440AEAE909009172EC /* OpenGL.framework in Frameworks */,
			);
			runOnlyForDeploymentPostprocessing = 0;
		};
/* End PBXFrameworksBuildPhase section */

/* Begin PBXGroup section */
		02FFBF6A229C9C920071F243 /* ball */ = {
			isa = PBXGroup;
			children = (
				02FFBF6B229C9C920071F243 /* demo.c */,
				02FFBF6C229C9C920071F243 /* demo.h */,
				02FFBF6D229C9C920071F243 /* demo_dir.c */,
				02FFBF6E229C9C920071F243 /* demo_dir.h */,
				02FFBF6F229C9C920071F243 /* game_client.c */,
				02FFBF70229C9C920071F243 /* game_client.h */,
				02FFBF71229C9C920071F243 /* game_common.c */,
				02FFBF72229C9C920071F243 /* game_common.h */,
				02FFBF73229C9C920071F243 /* game_draw.c */,
				02FFBF74229C9C920071F243 /* game_draw.h */,
				02FFBF75229C9C920071F243 /* game_proxy.c */,
				02FFBF76229C9C920071F243 /* game_proxy.h */,
				02FFBF77229C9C920071F243 /* game_server.c */,
				02FFBF78229C9C920071F243 /* game_server.h */,
				02FFBF79229C9C920071F243 /* hud.c */,
				02FFBF7A229C9C920071F243 /* hud.h */,
				02FFBF7B229C9C920071F243 /* level.c */,
				02FFBF7C229C9C920071F243 /* level.h */,
				02FFBF7D229C9C920071F243 /* main.c */,
				02FFBF7E229C9C920071F243 /* Makefile */,
				02FFBF7F229C9C920071F243 /* progress.c */,
				02FFBF80229C9C920071F243 /* progress.h */,
				02FFBF81229C9C920071F243 /* score.c */,
				02FFBF82229C9C920071F243 /* score.h */,
				02FFBF83229C9C920071F243 /* set.c */,
				02FFBF84229C9C920071F243 /* set.h */,
				02FFBF85229C9C920071F243 /* st_ball.c */,
				02FFBF86229C9C920071F243 /* st_ball.h */,
				02FFBF87229C9C920071F243 /* st_conf.c */,
				02FFBF88229C9C920071F243 /* st_conf.h */,
				02FFBF89229C9C920071F243 /* st_demo.c */,
				02FFBF8A229C9C920071F243 /* st_demo.h */,
				02FFBF8B229C9C920071F243 /* st_done.c */,
				02FFBF8C229C9C920071F243 /* st_done.h */,
				02FFBF8D229C9C920071F243 /* st_fail.c */,
				02FFBF8E229C9C920071F243 /* st_fail.h */,
				02FFBF8F229C9C920071F243 /* st_goal.c */,
				02FFBF90229C9C920071F243 /* st_goal.h */,
				02FFBF91229C9C920071F243 /* st_help.c */,
				02FFBF92229C9C920071F243 /* st_help.h */,
				02FFBF93229C9C920071F243 /* st_level.c */,
				02FFBF94229C9C920071F243 /* st_level.h */,
				02FFBF95229C9C920071F243 /* st_name.c */,
				02FFBF96229C9C920071F243 /* st_name.h */,
				02FFBF97229C9C920071F243 /* st_over.c */,
				02FFBF98229C9C920071F243 /* st_over.h */,
				02FFBF99229C9C920071F243 /* st_pause.c */,
				02FFBF9A229C9C920071F243 /* st_pause.h */,
				02FFBF9B229C9C920071F243 /* st_play.c */,
				02FFBF9C229C9C920071F243 /* st_play.h */,
				02FFBF9D229C9C920071F243 /* st_save.c */,
				02FFBF9E229C9C920071F243 /* st_save.h */,
				02FFBF9F229C9C920071F243 /* st_set.c */,
				02FFBFA0229C9C920071F243 /* st_set.h */,
				02FFBFA1229C9C920071F243 /* st_shared.c */,
				02FFBFA2229C9C920071F243 /* st_shared.h */,
				02FFBFA3229C9C920071F243 /* st_start.c */,
				02FFBFA4229C9C920071F243 /* st_start.h */,
				02FFBFA5229C9C920071F243 /* st_title.c */,
				02FFBFA6229C9C920071F243 /* st_title.h */,
				02FFBFA7229C9C920071F243 /* util.c */,
				02FFBFA8229C9C920071F243 /* util.h */,
			);
			name = ball;
			path = ../../ball;
			sourceTree = "<group>";
		};
		02FFBFA9229C9CB90071F243 /* putt */ = {
			isa = PBXGroup;
			children = (
				02FFBFAA229C9CB90071F243 /* course.c */,
				02FFBFAB229C9CB90071F243 /* course.h */,
				02FFBFAC229C9CB90071F243 /* game.c */,
				02FFBFAD229C9CB90071F243 /* game.h */,
				02FFBFAE229C9CB90071F243 /* hole.c */,
				02FFBFAF229C9CB90071F243 /* hole.h */,
				02FFBFB0229C9CB90071F243 /* hud.c */,
				02FFBFB1229C9CB90071F243 /* hud.h */,
				02FFBFB2229C9CB90071F243 /* main.c */,
				02FFBFB3229C9CB90071F243 /* Makefile */,
				02FFBFB4229C9CB90071F243 /* st_all.c */,
				02FFBFB5229C9CB90071F243 /* st_all.h */,
				02FFBFB6229C9CB90071F243 /* st_conf.c */,
				02FFBFB7229C9CB90071F243 /* st_conf.h */,
			);
			name = putt;
			path = ../../putt;
			sourceTree = "<group>";
		};
		02FFBFB8229C9CD50071F243 /* share */ = {
			isa = PBXGroup;
			children = (
				02FFBFB9229C9CD60071F243 /* array.c */,
				02FFBFBA229C9CD60071F243 /* array.h */,
				02FFBFBB229C9CD60071F243 /* audio.c */,
				02FFBFBC229C9CD60071F243 /* audio.h */,
				02FFBFBD229C9CD60071F243 /* ball.c */,
				02FFBFBE229C9CD60071F243 /* ball.h */,
				02FFBFBF229C9CD60071F243 /* base_config.c */,
				02FFBFC0229C9CD60071F243 /* base_config.h */,
				02FFBFC1229C9CD60071F243 /* base_image.c */,
				02FFBFC2229C9CD60071F243 /* base_image.h */,
				02FFBFC3229C9CD60071F243 /* binary.c */,
				02FFBFC4229C9CD60071F243 /* binary.h */,
				02FFBFC5229C9CD60071F243 /* cmd.c */,
				02FFBFC6229C9CD60071F243 /* cmd.h */,
				02FFBFC7229C9CD60071F243 /* common.c */,
				02FFBFC8229C9CD60071F243 /* common.h */,
				02FFBFC9229C9CD60071F243 /* config.c */,
				02FFBFCA229C9CD60071F243 /* config.h */,
				02FFBFCB229C9CD60071F243 /* dir.c */,
				02FFBFCC229C9CD60071F243 /* dir.h */,
				02FFBFCD229C9CD60071F243 /* fbo.c */,
				02FFBFCE229C9CD60071F243 /* fbo.h */,
				02FFBFCF229C9CD60071F243 /* font.c */,
				02FFBFD0229C9CD60071F243 /* font.h */,
				02FFBFD1229C9CD60071F243 /* fs.h */,
				02FFBFD2229C9CD60071F243 /* fs_common.c */,
				02FFBFD3229C9CD60071F243 /* fs_jpg.c */,
				02FFBFD4229C9CD60071F243 /* fs_jpg.h */,
				02FFBFD5229C9CD60071F243 /* fs_ov.c */,
				02FFBFD6229C9CD60071F243 /* fs_ov.h */,
				02FFBFD7229C9CD60071F243 /* fs_physfs.c */,
				02FFBFD8229C9CD60071F243 /* fs_png.c */,
				02FFBFD9229C9CD60071F243 /* fs_png.h */,
				02FFBFDA229C9CD60071F243 /* fs_stdio.c */,
				02FFBFDB229C9CD60071F243 /* geom.c */,
				02FFBFDC229C9CD60071F243 /* geom.h */,
				02FFBFDD229C9CD60071F243 /* glext.c */,
				02FFBFDE229C9CD60071F243 /* glext.h */,
				02FFBFDF229C9CD60071F243 /* glsl.c */,
				02FFBFE0229C9CD60071F243 /* glsl.h */,
				02FFBFE1229C9CD60071F243 /* gui.c */,
				02FFBFE2229C9CD60071F243 /* gui.h */,
				02FFBFE3229C9CD60071F243 /* hmd.h */,
				02FFBFE4229C9CD60071F243 /* hmd_common.c */,
				02FFBFE5229C9CD60071F243 /* hmd_common.h */,
				02FFBFE6229C9CD60071F243 /* hmd_libovr.cpp */,
				02FFBFE7229C9CD60071F243 /* hmd_null.c */,
				02FFBFE8229C9CD60071F243 /* hmd_openhmd.c */,
				02FFBFE9229C9CD60071F243 /* image.c */,
				02FFBFEA229C9CD60071F243 /* image.h */,
				02FFBFEB229C9CD60071F243 /* joy.c */,
				02FFBFEC229C9CD60071F243 /* joy.h */,
				02FFBFED229C9CD60071F243 /* lang.c */,
				02FFBFEE229C9CD60071F243 /* lang.h */,
				02FFBFEF229C9CD60071F243 /* list.c */,
				02FFBFF0229C9CD60071F243 /* list.h */,
				02FFBFF1229C9CD60071F243 /* log.c */,
				02FFBFF2229C9CD60071F243 /* log.h */,
				02FFBFF3229C9CD60071F243 /* Makefile */,
				02FFBFF4229C9CD60071F243 /* mapc.c */,
				02FFBFF5229C9CD60071F243 /* mtrl.c */,
				02FFBFF6229C9CD60071F243 /* mtrl.h */,
				02FFBFF7229C9CD60071F243 /* part.c */,
				02FFBFF8229C9CD60071F243 /* part.h */,
				02FFBFF9229C9CD60071F243 /* queue.c */,
				02FFBFFA229C9CD60071F243 /* queue.h */,
				02FFBFFB229C9CD60071F243 /* solid_all.c */,
				02FFBFFC229C9CD60071F243 /* solid_all.h */,
				02FFBFFD229C9CD60071F243 /* solid_base.c */,
				02FFBFFE229C9CD60071F243 /* solid_base.h */,
				02FFBFFF229C9CD60071F243 /* solid_draw.c */,
				02FFC000229C9CD60071F243 /* solid_draw.h */,
				02FFC001229C9CD60071F243 /* solid_sim.h */,
				02FFC002229C9CD60071F243 /* solid_sim_sol.c */,
				02FFC003229C9CD60071F243 /* solid_vary.c */,
				02FFC004229C9CD60071F243 /* solid_vary.h */,
				02FFC005229C9CD60071F243 /* st_common.c */,
				02FFC006229C9CD60071F243 /* st_common.h */,
				02FFC007229C9CD60071F243 /* state.c */,
				02FFC008229C9CD60071F243 /* state.h */,
				02FFC009229C9CD60071F243 /* text.c */,
				02FFC00A229C9CD60071F243 /* text.h */,
				02FFC00B229C9CD60071F243 /* theme.c */,
				02FFC00C229C9CD60071F243 /* theme.h */,
				02FFC00D229C9CD60071F243 /* tilt.h */,
				02FFC00E229C9CD60071F243 /* tilt_leapmotion.cpp */,
				02FFC00F229C9CD60071F243 /* tilt_loop.c */,
				02FFC010229C9CD60071F243 /* tilt_null.c */,
				02FFC011229C9CD60071F243 /* tilt_wii.c */,
				02FFC012229C9CD60071F243 /* vec3.c */,
				02FFC013229C9CD60071F243 /* vec3.h */,
				02FFC014229C9CD60071F243 /* version.h */,
				02FFC015229C9CD60071F243 /* version.in.h */,
				02FFC016229C9CD60071F243 /* video.c */,
				02FFC017229C9CD60071F243 /* video.h */,
			);
			name = share;
			path = ../../share;
			sourceTree = "<group>";
		};
		19C28FACFE9D520D11CA2CBB /* Products */ = {
			isa = PBXGroup;
			children = (
				815FFC940AEA305100AFD07F /* Neverputt.app */,
				815FFCB50AEA310700AFD07F /* mapc */,
				815FFCD60AEA319C00AFD07F /* Neverball.app */,
			);
			name = Products;
			sourceTree = "<group>";
		};
		29B97314FDCFA39411CA2CEA /* neverball */ = {
			isa = PBXGroup;
			children = (
				02FFBFB8229C9CD50071F243 /* share */,
				02FFBFA9229C9CB90071F243 /* putt */,
				02FFBF6A229C9C920071F243 /* ball */,
				29B97323FDCFA39411CA2CEA /* Frameworks */,
				29B97317FDCFA39411CA2CEA /* Resources */,
				19C28FACFE9D520D11CA2CBB /* Products */,
			);
			name = neverball;
			sourceTree = "<group>";
		};
		29B97317FDCFA39411CA2CEA /* Resources */ = {
			isa = PBXGroup;
			children = (
				B5C425010DAAC35800F6C398 /* ball_items */,
				B5C425050DAAC35800F6C398 /* putt_items */,
				B47DDD3F0BCA1BF200915326 /* neverball.icns */,
				B47DDD410BCA1BF200915326 /* neverputt.icns */,
			);
			name = Resources;
			sourceTree = "<group>";
		};
		29B97323FDCFA39411CA2CEA /* Frameworks */ = {
			isa = PBXGroup;
			children = (
				0259175022B6810300E9BEFA /* libjpeg.a */,
				0259174E22B680E300E9BEFA /* libpng16.a */,
				0259174C22B680D400E9BEFA /* libvorbisfile.a */,
				0259174A22B680B300E9BEFA /* libvorbis.a */,
				0259174822B6809C00E9BEFA /* libogg.a */,
				02FFC09A22B599B30071F243 /* SDL2_ttf.framework */,
				02FFC095229CA2AA0071F243 /* SDL2.framework */,
				815F03A70AEA8CB400AFD07F /* AppKit.framework */,
				815FFDE70AEA3B8A00AFD07F /* CoreFoundation.framework */,
				1058C7A1FEA54F0111CA2CBB /* Cocoa.framework */,
				B2F67ED704C74A3F00A80002 /* OpenGL.framework */,
			);
			name = Frameworks;
			sourceTree = "<group>";
		};
		B5C425010DAAC35800F6C398 /* ball_items */ = {
			isa = PBXGroup;
			children = (
				B5C425020DAAC35800F6C398 /* InfoPlist.strings */,
				B5C425040DAAC35800F6C398 /* Info.plist */,
			);
			path = ball_items;
			sourceTree = "<group>";
		};
		B5C425050DAAC35800F6C398 /* putt_items */ = {
			isa = PBXGroup;
			children = (
				B5C425060DAAC35800F6C398 /* InfoPlist.strings */,
				B5C425080DAAC35800F6C398 /* Info.plist */,
			);
			path = putt_items;
			sourceTree = "<group>";
		};
/* End PBXGroup section */

/* Begin PBXHeadersBuildPhase section */
		815F01450AEA799700AFD07F /* Headers */ = {
			isa = PBXHeadersBuildPhase;
			buildActionMask = 2147483647;
			files = (
			);
			runOnlyForDeploymentPostprocessing = 0;
		};
		815FFD0F0AEA353200AFD07F /* Headers */ = {
			isa = PBXHeadersBuildPhase;
			buildActionMask = 2147483647;
			files = (
			);
			runOnlyForDeploymentPostprocessing = 0;
		};
/* End PBXHeadersBuildPhase section */

/* Begin PBXNativeTarget section */
		815FFC930AEA305100AFD07F /* Neverputt */ = {
			isa = PBXNativeTarget;
			buildConfigurationList = 815FFC970AEA305200AFD07F /* Build configuration list for PBXNativeTarget "Neverputt" */;
			buildPhases = (
				815FFC900AEA305100AFD07F /* Resources */,
				815FFC910AEA305100AFD07F /* Sources */,
				815FFC920AEA305100AFD07F /* Frameworks */,
				817D29580AED079100A886EA /* CopyFiles */,
				8137FD740AEBE7F4009172EC /* ShellScript */,
			);
			buildRules = (
			);
			dependencies = (
				02AA7E2522B6AC9D00CF4462 /* PBXTargetDependency */,
				02AA7E2722B6AD3000CF4462 /* PBXTargetDependency */,
			);
			name = Neverputt;
			productName = Neverputt;
			productReference = 815FFC940AEA305100AFD07F /* Neverputt.app */;
			productType = "com.apple.product-type.application";
		};
		815FFCB40AEA310700AFD07F /* mapc */ = {
			isa = PBXNativeTarget;
			buildConfigurationList = 815FFCBD0AEA312A00AFD07F /* Build configuration list for PBXNativeTarget "mapc" */;
			buildPhases = (
				815FFD0F0AEA353200AFD07F /* Headers */,
				815FFCB20AEA310700AFD07F /* Sources */,
				815FFCB30AEA310700AFD07F /* Frameworks */,
			);
			buildRules = (
			);
			dependencies = (
				02C3A36622B6546600D87805 /* PBXTargetDependency */,
			);
			name = mapc;
			productName = mapc;
			productReference = 815FFCB50AEA310700AFD07F /* mapc */;
			productType = "com.apple.product-type.tool";
		};
		815FFCD50AEA319B00AFD07F /* Neverball */ = {
			isa = PBXNativeTarget;
			buildConfigurationList = 815FFCD90AEA319C00AFD07F /* Build configuration list for PBXNativeTarget "Neverball" */;
			buildPhases = (
				815F01450AEA799700AFD07F /* Headers */,
				8137FCD90AEBDE95009172EC /* Resources */,
				815FFCD30AEA319B00AFD07F /* Sources */,
				815FFCD40AEA319B00AFD07F /* Frameworks */,
				815F02E90AEA8B3B00AFD07F /* CopyFiles */,
				8137FC220AEB7A30009172EC /* ShellScript */,
			);
			buildRules = (
			);
			dependencies = (
				8137FC250AEB7AEC009172EC /* PBXTargetDependency */,
				02AA7E2922B6AD3900CF4462 /* PBXTargetDependency */,
			);
			name = Neverball;
			productName = Neverball;
			productReference = 815FFCD60AEA319C00AFD07F /* Neverball.app */;
			productType = "com.apple.product-type.application";
		};
/* End PBXNativeTarget section */

/* Begin PBXProject section */
		29B97313FDCFA39411CA2CEA /* Project object */ = {
			isa = PBXProject;
			attributes = {
				LastUpgradeCheck = 0620;
			};
			buildConfigurationList = 815FFAF90AEA2D2C00AFD07F /* Build configuration list for PBXProject "neverball" */;
			compatibilityVersion = "Xcode 3.2";
			developmentRegion = English;
			hasScannedForEncodings = 1;
			knownRegions = (
				en,
			);
			mainGroup = 29B97314FDCFA39411CA2CEA /* neverball */;
			projectDirPath = "";
			projectRoot = "";
			targets = (
				815FFCD50AEA319B00AFD07F /* Neverball */,
				815FFC930AEA305100AFD07F /* Neverputt */,
				815FFC630AEA2F4900AFD07F /* Maps */,
				815FFCB40AEA310700AFD07F /* mapc */,
				8137FC010AEB71F7009172EC /* Checks */,
			);
		};
/* End PBXProject section */

/* Begin PBXResourcesBuildPhase section */
		8137FCD90AEBDE95009172EC /* Resources */ = {
			isa = PBXResourcesBuildPhase;
			buildActionMask = 2147483647;
			files = (
				B59445470C9641CB00EC3F09 /* neverball.icns in Resources */,
				B5C4250A0DAAC39E00F6C398 /* InfoPlist.strings in Resources */,
			);
			runOnlyForDeploymentPostprocessing = 0;
		};
		815FFC900AEA305100AFD07F /* Resources */ = {
			isa = PBXResourcesBuildPhase;
			buildActionMask = 2147483647;
			files = (
				B59445480C9641D000EC3F09 /* neverputt.icns in Resources */,
				B5C4250B0DAAC3A100F6C398 /* InfoPlist.strings in Resources */,
			);
			runOnlyForDeploymentPostprocessing = 0;
		};
/* End PBXResourcesBuildPhase section */

/* Begin PBXShellScriptBuildPhase section */
		8137FAB30AEAF760009172EC /* ShellScript */ = {
			isa = PBXShellScriptBuildPhase;
			buildActionMask = 2147483647;
			files = (
			);
			inputPaths = (
			);
			outputPaths = (
			);
			runOnlyForDeploymentPostprocessing = 0;
			shellPath = /bin/sh;
			shellScript = "MAPC=$TARGET_BUILD_DIR/mapc\n\ncd $SRCROOT/../../data\n\nfor map in $(find . -name \"*.map\" \\! -name \"*.autosave.map\")\ndo\n\techo \"+ mapc $(basename $map)\"\n\t$MAPC $map .\ndone";
		};
		8137FC000AEB71F7009172EC /* ShellScript */ = {
			isa = PBXShellScriptBuildPhase;
			buildActionMask = 2147483647;
			files = (
			);
			inputPaths = (
			);
			outputPaths = (
			);
			runOnlyForDeploymentPostprocessing = 0;
			shellPath = /bin/sh;
			shellScript = "ls ${SRCROOT}/../../share/version.h && ls ${SRCROOT}/../../locale/en_GB/LC_MESSAGES/neverball.mo";
			showEnvVarsInLog = 0;
		};
		8137FC220AEB7A30009172EC /* ShellScript */ = {
			isa = PBXShellScriptBuildPhase;
			buildActionMask = 12;
			files = (
			);
			inputPaths = (
			);
			outputPaths = (
			);
			runOnlyForDeploymentPostprocessing = 0;
			shellPath = /bin/sh;
			shellScript = "set -e \n\necho \"***\"\necho \"*** Installing resources...\"\necho \"***\"\n\nROOTDIR=\"${SRCROOT}/../..\"\nAPPCONTENTSDIR=\"${TARGET_BUILD_DIR}/${PRODUCT_NAME}.${WRAPPER_EXTENSION}/Contents\"\nAPPBINARY=\"${APPCONTENTSDIR}/MacOS/${PRODUCT_NAME}\"\nRESOURCESDIR=\"${APPCONTENTSDIR}/Resources\"\nmkdir -p ${RESOURCESDIR}\n\necho -n \"+ copying translations... \"\ncp -rp \"${ROOTDIR}/locale\" \"${RESOURCESDIR}\"\necho ok\n\nif [ ${CONFIGURATION} = \"Deployment\" ]; then\n    echo -n \"+ copying and cleaning neverball data... \"\n    cp -rp \"${ROOTDIR}/data\" \"${RESOURCESDIR}\"\n    DATADIR=\"${RESOURCESDIR}/data\"\n    find \"${RESOURCESDIR}/data\" -name *.map -exec rm {} \\;\n    sed -i '' -E \"s/(holes-|\\.txt)//g\" \"${DATADIR}/courses.txt\"\n    echo \"iCourse\" >> \"${DATADIR}/courses.txt\"\n    while read course; do\n        rm -Rf \"${DATADIR}/map-$course\"\n        rm -Rf \"${DATADIR}/shot-$course\"\n        rm -f \"${DATADIR}/holes-$course.txt\"\n    done < \"${DATADIR}/courses.txt\"\n    echo \"\" > \"${DATADIR}/courses.txt\"\n    echo ok\nelse\n    echo -n \"+ symlinking neverball data and copying mapc... \"\n    test -L \"${RESOURCESDIR}/data\" || ln -s \"/Library/Application Support/Neverball/data\" \"${RESOURCESDIR}\"\n    cp \"${TARGET_BUILD_DIR}/mapc\" \"${APPCONTENTSDIR}/MacOS\"\n    echo ok\nfi\n\nfind . -name .DS_Store -exec rm {} \\;";
		};
		8137FD740AEBE7F4009172EC /* ShellScript */ = {
			isa = PBXShellScriptBuildPhase;
			buildActionMask = 2147483647;
			files = (
			);
			inputPaths = (
			);
			outputPaths = (
			);
			runOnlyForDeploymentPostprocessing = 0;
			shellPath = /bin/sh;
			shellScript = "set -e\n\necho \"***\"\necho \"*** Installing resources...\"\necho \"***\"\n\nROOTDIR=\"${SRCROOT}/../..\"\nAPPCONTENTSDIR=\"${TARGET_BUILD_DIR}/${PRODUCT_NAME}.${WRAPPER_EXTENSION}/Contents\"\nAPPBINARY=\"${APPCONTENTSDIR}/MacOS/${PRODUCT_NAME}\"\nRESOURCESDIR=\"${APPCONTENTSDIR}/Resources\"\nmkdir -p ${RESOURCESDIR}\n\necho -n \"+ copying translations... \"\ncp -rp \"${ROOTDIR}/locale\" \"${RESOURCESDIR}\"\necho ok\n\nif [ ${CONFIGURATION} = \"Deployment\" ]; then\n    echo -n \"+ copying and cleaning neverputt data... \"\n    cp -rp \"${ROOTDIR}/data\" \"${RESOURCESDIR}\"\n    DATADIR=\"${RESOURCESDIR}/data\"\n    find \"${RESOURCESDIR}/data\" -name *.map -exec rm {} \\;\n    sed -i '' -E \"s/(set-|\\.txt)//g\" \"${DATADIR}/sets.txt\"\n    echo \"iCourse\" >> \"${DATADIR}/sets.txt\"\n    while read set; do\n        rm -Rf \"${DATADIR}/map-$set\"\n        rm -Rf \"${DATADIR}/shot-$set\"\n        rm -f \"${DATADIR}/set-$set.txt\"\n    done < \"${DATADIR}/sets.txt\"\n    echo \"\" > \"${DATADIR}/sets.txt\"\n    echo ok\nelse\n    echo -n \"+ symlinking neverball data... \"\n    test -L \"${RESOURCESDIR}/data\" || ln -s \"/Library/Application Support/Neverball/data\" \"${RESOURCESDIR}\"\necho ok\nfi\n\nfind . -name .DS_Store -exec rm {} \\;";
		};
/* End PBXShellScriptBuildPhase section */

/* Begin PBXSourcesBuildPhase section */
		815FFC910AEA305100AFD07F /* Sources */ = {
			isa = PBXSourcesBuildPhase;
			buildActionMask = 2147483647;
			files = (
				02FFC0CE22B5BC370071F243 /* audio.c in Sources */,
				02FFC0F822B5BE570071F243 /* hmd_null.c in Sources */,
				02FFC0DF22B5BC370071F243 /* list.c in Sources */,
				02FFC0D722B5BC370071F243 /* fs_common.c in Sources */,
				02FFC0DD22B5BC370071F243 /* gui.c in Sources */,
				02FFC0E222B5BC370071F243 /* text.c in Sources */,
				02FFC0D822B5BC370071F243 /* fs_jpg.c in Sources */,
				02FFC0D422B5BC370071F243 /* dir.c in Sources */,
				02FFC0CC22B5BB910071F243 /* vec3.c in Sources */,
				02FFC0C522B5BB910071F243 /* mtrl.c in Sources */,
				02FFC0C722B5BB910071F243 /* solid_all.c in Sources */,
				02FFC0E322B5BC370071F243 /* theme.c in Sources */,
				02FFC0C822B5BB910071F243 /* solid_base.c in Sources */,
				02FFC0CF22B5BC370071F243 /* ball.c in Sources */,
				02FFC0E722B5BC540071F243 /* hole.c in Sources */,
				02FFC0EA22B5BC540071F243 /* st_all.c in Sources */,
				02FFC0C322B5BB910071F243 /* image.c in Sources */,
				02FFC0E122B5BC370071F243 /* state.c in Sources */,
				02FFC0E422B5BC370071F243 /* video.c in Sources */,
				02FFC0D622B5BC370071F243 /* font.c in Sources */,
				02FFC0E622B5BC540071F243 /* game.c in Sources */,
				02FFC0DE22B5BC370071F243 /* joy.c in Sources */,
				02FFC0C922B5BB910071F243 /* solid_draw.c in Sources */,
				02FFC0F522B5BE250071F243 /* fs_stdio.c in Sources */,
				02FFC0E922B5BC540071F243 /* main.c in Sources */,
				02FFC0E522B5BC540071F243 /* course.c in Sources */,
				02FFC0DB22B5BC370071F243 /* glext.c in Sources */,
				02FFC0E822B5BC540071F243 /* hud.c in Sources */,
				02FFC0DC22B5BC370071F243 /* glsl.c in Sources */,
				02FFC0D122B5BC370071F243 /* binary.c in Sources */,
				02FFC0F722B5BE4F0071F243 /* tilt_null.c in Sources */,
				02FFC0C622B5BB910071F243 /* part.c in Sources */,
				02FFC0C422B5BB910071F243 /* lang.c in Sources */,
				02FFC0CD22B5BC370071F243 /* array.c in Sources */,
				02FFC0D922B5BC370071F243 /* fs_ov.c in Sources */,
				02FFC0EB22B5BC540071F243 /* st_conf.c in Sources */,
				02FFC0D322B5BC370071F243 /* config.c in Sources */,
				02FFC0D222B5BC370071F243 /* common.c in Sources */,
				02FFC0E022B5BC370071F243 /* log.c in Sources */,
				02FFC0F622B5BE390071F243 /* solid_sim_sol.c in Sources */,
				02FFC0D522B5BC370071F243 /* fbo.c in Sources */,
				02FFC0C122B5BB910071F243 /* base_image.c in Sources */,
				02FFC0CB22B5BB910071F243 /* st_common.c in Sources */,
				02FFC0C222B5BB910071F243 /* geom.c in Sources */,
				02FFC0D022B5BC370071F243 /* base_config.c in Sources */,
				02FFC0DA22B5BC370071F243 /* fs_png.c in Sources */,
				02FFC0CA22B5BB910071F243 /* solid_vary.c in Sources */,
			);
			runOnlyForDeploymentPostprocessing = 0;
		};
		815FFCB20AEA310700AFD07F /* Sources */ = {
			isa = PBXSourcesBuildPhase;
			buildActionMask = 2147483647;
			files = (
				02FFC024229C9DAD0071F243 /* mapc.c in Sources */,
				02FFC01D229C9D680071F243 /* common.c in Sources */,
				02FFC099229CA47D0071F243 /* fs_stdio.c in Sources */,
				02FFC01C229C9D600071F243 /* base_config.c in Sources */,
				02FFC01B229C9D4F0071F243 /* binary.c in Sources */,
				02FFC023229C9DAD0071F243 /* list.c in Sources */,
				02FFC01A229C9D470071F243 /* solid_base.c in Sources */,
				02FFC022229C9DAD0071F243 /* fs_png.c in Sources */,
				02FFC019229C9D400071F243 /* base_image.c in Sources */,
				02FFC01F229C9DAD0071F243 /* dir.c in Sources */,
				02FFC021229C9DAD0071F243 /* fs_jpg.c in Sources */,
				02FFC020229C9DAD0071F243 /* fs_common.c in Sources */,
				02FFC01E229C9DAD0071F243 /* array.c in Sources */,
				02FFC018229C9D350071F243 /* vec3.c in Sources */,
			);
			runOnlyForDeploymentPostprocessing = 0;
		};
		815FFCD30AEA319B00AFD07F /* Sources */ = {
			isa = PBXSourcesBuildPhase;
			buildActionMask = 2147483647;
			files = (
				02FFC093229C9FEF0071F243 /* tilt_null.c in Sources */,
				02FFC079229C9EED0071F243 /* level.c in Sources */,
				02FFC056229C9EC20071F243 /* font.c in Sources */,
				02FFC061229C9EC20071F243 /* lang.c in Sources */,
				02FFC068229C9EC20071F243 /* solid_base.c in Sources */,
				02FFC084229C9EED0071F243 /* st_help.c in Sources */,
				02FFC075229C9EED0071F243 /* game_draw.c in Sources */,
				02FFC088229C9EED0071F243 /* st_pause.c in Sources */,
				02FFC070229C9EC20071F243 /* video.c in Sources */,
				02FFC054229C9EC20071F243 /* dir.c in Sources */,
				02FFC078229C9EED0071F243 /* hud.c in Sources */,
				02FFC085229C9EED0071F243 /* st_level.c in Sources */,
				02FFC04F229C9EC20071F243 /* base_image.c in Sources */,
				02FFC069229C9EC20071F243 /* solid_draw.c in Sources */,
				02FFC077229C9EED0071F243 /* game_server.c in Sources */,
				02FFC08E229C9EED0071F243 /* st_title.c in Sources */,
				02FFC063229C9EC20071F243 /* log.c in Sources */,
				02FFC07B229C9EED0071F243 /* progress.c in Sources */,
				02FFC066229C9EC20071F243 /* queue.c in Sources */,
				02FFC04C229C9EC20071F243 /* audio.c in Sources */,
				02FFC051229C9EC20071F243 /* cmd.c in Sources */,
				02FFC05D229C9EC20071F243 /* glsl.c in Sources */,
				02FFC06B229C9EC20071F243 /* st_common.c in Sources */,
				02FFC05E229C9EC20071F243 /* gui.c in Sources */,
				02FFC089229C9EED0071F243 /* st_play.c in Sources */,
				02FFC08B229C9EED0071F243 /* st_set.c in Sources */,
				02FFC06E229C9EC20071F243 /* theme.c in Sources */,
				02FFC05B229C9EC20071F243 /* geom.c in Sources */,
				02FFC07C229C9EED0071F243 /* score.c in Sources */,
				02FFC081229C9EED0071F243 /* st_done.c in Sources */,
				02FFC06A229C9EC20071F243 /* solid_vary.c in Sources */,
				02FFC059229C9EC20071F243 /* fs_ov.c in Sources */,
				02FFC082229C9EED0071F243 /* st_fail.c in Sources */,
				02FFC05F229C9EC20071F243 /* image.c in Sources */,
				02FFC064229C9EC20071F243 /* mtrl.c in Sources */,
				02FFC090229C9F770071F243 /* solid_sim_sol.c in Sources */,
				02FFC07D229C9EED0071F243 /* set.c in Sources */,
				02FFC071229C9EED0071F243 /* demo.c in Sources */,
				02FFC057229C9EC20071F243 /* fs_common.c in Sources */,
				02FFC067229C9EC20071F243 /* solid_all.c in Sources */,
				02FFC06D229C9EC20071F243 /* text.c in Sources */,
				02FFC083229C9EED0071F243 /* st_goal.c in Sources */,
				02FFC086229C9EED0071F243 /* st_name.c in Sources */,
				02FFC080229C9EED0071F243 /* st_demo.c in Sources */,
				02FFC06F229C9EC20071F243 /* vec3.c in Sources */,
				02FFC072229C9EED0071F243 /* demo_dir.c in Sources */,
				02FFC08D229C9EED0071F243 /* st_start.c in Sources */,
				02FFC087229C9EED0071F243 /* st_over.c in Sources */,
				02FFC073229C9EED0071F243 /* game_client.c in Sources */,
				02FFC060229C9EC20071F243 /* joy.c in Sources */,
				02FFC08C229C9EED0071F243 /* st_shared.c in Sources */,
				02FFC052229C9EC20071F243 /* common.c in Sources */,
				02FFC050229C9EC20071F243 /* binary.c in Sources */,
				02FFC062229C9EC20071F243 /* list.c in Sources */,
				02FFC076229C9EED0071F243 /* game_proxy.c in Sources */,
				02FFC04E229C9EC20071F243 /* base_config.c in Sources */,
				02FFC07E229C9EED0071F243 /* st_ball.c in Sources */,
				02FFC04D229C9EC20071F243 /* ball.c in Sources */,
				02FFC058229C9EC20071F243 /* fs_jpg.c in Sources */,
				02FFC06C229C9EC20071F243 /* state.c in Sources */,
				02FFC07A229C9EED0071F243 /* main.c in Sources */,
				02FFC07F229C9EED0071F243 /* st_conf.c in Sources */,
				02FFC092229C9F900071F243 /* fs_stdio.c in Sources */,
				02FFC05C229C9EC20071F243 /* glext.c in Sources */,
				02FFC055229C9EC20071F243 /* fbo.c in Sources */,
				02FFC074229C9EED0071F243 /* game_common.c in Sources */,
				02FFC08A229C9EED0071F243 /* st_save.c in Sources */,
				02FFC08F229C9EED0071F243 /* util.c in Sources */,
				02FFC05A229C9EC20071F243 /* fs_png.c in Sources */,
				02FFC094229CA0110071F243 /* hmd_null.c in Sources */,
				02FFC04B229C9EC20071F243 /* array.c in Sources */,
				02FFC065229C9EC20071F243 /* part.c in Sources */,
				02FFC053229C9EC20071F243 /* config.c in Sources */,
			);
			runOnlyForDeploymentPostprocessing = 0;
		};
/* End PBXSourcesBuildPhase section */

/* Begin PBXTargetDependency section */
		02AA7E2522B6AC9D00CF4462 /* PBXTargetDependency */ = {
			isa = PBXTargetDependency;
			target = 8137FC010AEB71F7009172EC /* Checks */;
			targetProxy = 02AA7E2422B6AC9D00CF4462 /* PBXContainerItemProxy */;
		};
		02AA7E2722B6AD3000CF4462 /* PBXTargetDependency */ = {
			isa = PBXTargetDependency;
			target = 815FFC630AEA2F4900AFD07F /* Maps */;
			targetProxy = 02AA7E2622B6AD3000CF4462 /* PBXContainerItemProxy */;
		};
		02AA7E2922B6AD3900CF4462 /* PBXTargetDependency */ = {
			isa = PBXTargetDependency;
			target = 815FFC630AEA2F4900AFD07F /* Maps */;
			targetProxy = 02AA7E2822B6AD3900CF4462 /* PBXContainerItemProxy */;
		};
		02C3A36622B6546600D87805 /* PBXTargetDependency */ = {
			isa = PBXTargetDependency;
			target = 8137FC010AEB71F7009172EC /* Checks */;
			targetProxy = 02C3A36522B6546600D87805 /* PBXContainerItemProxy */;
		};
		8137FAAF0AEAF655009172EC /* PBXTargetDependency */ = {
			isa = PBXTargetDependency;
			target = 815FFCB40AEA310700AFD07F /* mapc */;
			targetProxy = 8137FAAE0AEAF655009172EC /* PBXContainerItemProxy */;
		};
		8137FC250AEB7AEC009172EC /* PBXTargetDependency */ = {
			isa = PBXTargetDependency;
			target = 8137FC010AEB71F7009172EC /* Checks */;
			targetProxy = 8137FC240AEB7AEC009172EC /* PBXContainerItemProxy */;
		};
/* End PBXTargetDependency section */

/* Begin PBXVariantGroup section */
		B5C425020DAAC35800F6C398 /* InfoPlist.strings */ = {
			isa = PBXVariantGroup;
			children = (
				B5C425030DAAC35800F6C398 /* English */,
			);
			name = InfoPlist.strings;
			sourceTree = "<group>";
		};
		B5C425060DAAC35800F6C398 /* InfoPlist.strings */ = {
			isa = PBXVariantGroup;
			children = (
				B5C425070DAAC35800F6C398 /* English */,
			);
			name = InfoPlist.strings;
			sourceTree = "<group>";
		};
/* End PBXVariantGroup section */

/* Begin XCBuildConfiguration section */
		8137FC030AEB7216009172EC /* Development */ = {
			isa = XCBuildConfiguration;
			buildSettings = {
				PRODUCT_NAME = Checks;
			};
			name = Development;
		};
		8137FC040AEB7216009172EC /* Deployment */ = {
			isa = XCBuildConfiguration;
			buildSettings = {
				GCC_ENABLE_FIX_AND_CONTINUE = NO;
				PRODUCT_NAME = Checks;
			};
			name = Deployment;
		};
		815FFAFA0AEA2D2C00AFD07F /* Development */ = {
			isa = XCBuildConfiguration;
			buildSettings = {
				COPY_PHASE_STRIP = NO;
				GCC_OPTIMIZATION_LEVEL = 0;
				HEADER_SEARCH_PATHS = (
					"$(inherited)",
					/Applications/Xcode.app/Contents/Developer/Toolchains/XcodeDefault.xctoolchain/usr/include,
					/Library/Frameworks/SDL2.framework/Versions/A/Headers,
					/Library/Frameworks/SDL2_ttf.framework/Versions/A/Headers,
				);
				MACOSX_DEPLOYMENT_TARGET = 10.6;
				NEVERBALL_PATHS = "-DCONFIG_USER=\\\"Library/Application\\ Support/Neverball\\\" -DCONFIG_DATA=\\\"../Resources/data\\\" -DCONFIG_LOCALE=\\\"../Resources/locale\\\" ";
				OTHER_CFLAGS = "$(NEVERBALL_PATHS)";
				SDKROOT = macosx;
				WARNING_CFLAGS = (
					"-Wall",
					"-pedantic",
					"-Wshadow",
				);
			};
			name = Development;
		};
		815FFAFB0AEA2D2C00AFD07F /* Deployment */ = {
			isa = XCBuildConfiguration;
			buildSettings = {
				COPY_PHASE_STRIP = YES;
				GCC_GENERATE_DEBUGGING_SYMBOLS = NO;
				HEADER_SEARCH_PATHS = (
					"$(inherited)",
					/Applications/Xcode.app/Contents/Developer/Toolchains/XcodeDefault.xctoolchain/usr/include,
					/Library/Frameworks/SDL2.framework/Versions/A/Headers,
					/Library/Frameworks/SDL2_ttf.framework/Versions/A/Headers,
				);
				LLVM_LTO = YES;
				MACOSX_DEPLOYMENT_TARGET = 10.6;
				NEVERBALL_PATHS = "-DCONFIG_USER=\\\"Library/Application\\ Support/Neverball\\\" -DCONFIG_DATA=\\\"../Resources/data\\\" -DCONFIG_LOCALE=\\\"../Resources/locale\\\" ";
				OTHER_CFLAGS = (
					"$(NEVERBALL_PATHS)",
					"-DNDEBUG",
				);
				SDKROOT = macosx;
				WARNING_CFLAGS = (
					"-Wall",
					"-pedantic",
					"-Wshadow",
				);
			};
			name = Deployment;
		};
		815FFC790AEA2FBF00AFD07F /* Development */ = {
			isa = XCBuildConfiguration;
			buildSettings = {
				PRODUCT_NAME = "Create Maps";
			};
			name = Development;
		};
		815FFC7A0AEA2FBF00AFD07F /* Deployment */ = {
			isa = XCBuildConfiguration;
			buildSettings = {
				GCC_ENABLE_FIX_AND_CONTINUE = NO;
				PRODUCT_NAME = "Create Maps";
			};
			name = Deployment;
		};
		815FFC980AEA305200AFD07F /* Development */ = {
			isa = XCBuildConfiguration;
			buildSettings = {
				DEAD_CODE_STRIPPING = YES;
				GCC_ENABLE_FIX_AND_CONTINUE = YES;
				INFOPLIST_FILE = putt_items/Info.plist;
				LD_RUNPATH_SEARCH_PATHS = "@loader_path/../Frameworks";
				OTHER_LDFLAGS = (
					"-lz",
					"-lpng",
					"-ljpeg",
					"-lvorbisfile",
					"-lvorbis",
					"-logg",
				);
				PRODUCT_NAME = Neverputt;
				WRAPPER_EXTENSION = app;
			};
			name = Development;
		};
		815FFC990AEA305200AFD07F /* Deployment */ = {
			isa = XCBuildConfiguration;
			buildSettings = {
				DEAD_CODE_STRIPPING = YES;
				GCC_ENABLE_FIX_AND_CONTINUE = NO;
				INFOPLIST_FILE = putt_items/Info.plist;
				LD_RUNPATH_SEARCH_PATHS = "@loader_path/../Frameworks";
				OTHER_LDFLAGS = (
					/usr/local/lib/libz.a,
					/usr/local/lib/libpng.a,
					/usr/local/lib/libjpeg.a,
					/usr/local/lib/libvorbisfile.a,
					/usr/local/lib/libvorbis.a,
					/usr/local/lib/libogg.a,
				);
				PRODUCT_NAME = Neverputt;
				WRAPPER_EXTENSION = app;
			};
			name = Deployment;
		};
		815FFCBE0AEA312A00AFD07F /* Development */ = {
			isa = XCBuildConfiguration;
			buildSettings = {
				GCC_ENABLE_FIX_AND_CONTINUE = YES;
				OTHER_LDFLAGS = (
					"-ljpeg",
					"-lpng",
					"-lz",
				);
				PRODUCT_NAME = mapc;
			};
			name = Development;
		};
		815FFCBF0AEA312A00AFD07F /* Deployment */ = {
			isa = XCBuildConfiguration;
			buildSettings = {
				GCC_ENABLE_FIX_AND_CONTINUE = NO;
				OTHER_LDFLAGS = (
					"-ljpeg",
					"-lpng",
					"-lz",
				);
				PRODUCT_NAME = mapc;
			};
			name = Deployment;
		};
		815FFCDA0AEA319C00AFD07F /* Development */ = {
			isa = XCBuildConfiguration;
			buildSettings = {
				DEAD_CODE_STRIPPING = YES;
				GCC_ENABLE_FIX_AND_CONTINUE = YES;
				INFOPLIST_FILE = ball_items/Info.plist;
				LD_RUNPATH_SEARCH_PATHS = "@loader_path/../Frameworks";
				OTHER_LDFLAGS = (
					"-lz",
					"-lpng",
					"-ljpeg",
					"-lvorbisfile",
					"-lvorbis",
					"-logg",
				);
				PRODUCT_NAME = Neverball;
				WRAPPER_EXTENSION = app;
			};
			name = Development;
		};
		815FFCDB0AEA319C00AFD07F /* Deployment */ = {
			isa = XCBuildConfiguration;
			buildSettings = {
				DEAD_CODE_STRIPPING = YES;
				GCC_ENABLE_FIX_AND_CONTINUE = NO;
				INFOPLIST_FILE = ball_items/Info.plist;
				LD_RUNPATH_SEARCH_PATHS = "@loader_path/../Frameworks";
				OTHER_LDFLAGS = (
					/usr/local/lib/libz.a,
					/usr/local/lib/libpng.a,
					/usr/local/lib/libjpeg.a,
					/usr/local/lib/libvorbisfile.a,
					/usr/local/lib/libvorbis.a,
					/usr/local/lib/libogg.a,
				);
				PRODUCT_NAME = Neverball;
				WRAPPER_EXTENSION = app;
			};
			name = Deployment;
		};
/* End XCBuildConfiguration section */

/* Begin XCConfigurationList section */
		8137FC020AEB7216009172EC /* Build configuration list for PBXAggregateTarget "Checks" */ = {
			isa = XCConfigurationList;
			buildConfigurations = (
				8137FC030AEB7216009172EC /* Development */,
				8137FC040AEB7216009172EC /* Deployment */,
			);
			defaultConfigurationIsVisible = 0;
			defaultConfigurationName = Deployment;
		};
		815FFAF90AEA2D2C00AFD07F /* Build configuration list for PBXProject "neverball" */ = {
			isa = XCConfigurationList;
			buildConfigurations = (
				815FFAFA0AEA2D2C00AFD07F /* Development */,
				815FFAFB0AEA2D2C00AFD07F /* Deployment */,
			);
			defaultConfigurationIsVisible = 0;
			defaultConfigurationName = Deployment;
		};
		815FFC780AEA2FBF00AFD07F /* Build configuration list for PBXAggregateTarget "Maps" */ = {
			isa = XCConfigurationList;
			buildConfigurations = (
				815FFC790AEA2FBF00AFD07F /* Development */,
				815FFC7A0AEA2FBF00AFD07F /* Deployment */,
			);
			defaultConfigurationIsVisible = 0;
			defaultConfigurationName = Deployment;
		};
		815FFC970AEA305200AFD07F /* Build configuration list for PBXNativeTarget "Neverputt" */ = {
			isa = XCConfigurationList;
			buildConfigurations = (
				815FFC980AEA305200AFD07F /* Development */,
				815FFC990AEA305200AFD07F /* Deployment */,
			);
			defaultConfigurationIsVisible = 0;
			defaultConfigurationName = Deployment;
		};
		815FFCBD0AEA312A00AFD07F /* Build configuration list for PBXNativeTarget "mapc" */ = {
			isa = XCConfigurationList;
			buildConfigurations = (
				815FFCBE0AEA312A00AFD07F /* Development */,
				815FFCBF0AEA312A00AFD07F /* Deployment */,
			);
			defaultConfigurationIsVisible = 0;
			defaultConfigurationName = Deployment;
		};
		815FFCD90AEA319C00AFD07F /* Build configuration list for PBXNativeTarget "Neverball" */ = {
			isa = XCConfigurationList;
			buildConfigurations = (
				815FFCDA0AEA319C00AFD07F /* Development */,
				815FFCDB0AEA319C00AFD07F /* Deployment */,
			);
			defaultConfigurationIsVisible = 0;
			defaultConfigurationName = Deployment;
		};
/* End XCConfigurationList section */
	};
	rootObject = 29B97313FDCFA39411CA2CEA /* Project object */;
}
